version = 1
revision = 3
requires-python = ">=3.14"

[[package]]
name = "anyio"
version = "4.11.0"
source = { registry = "https://pypi.org/simple" }
dependencies = [
    { name = "idna" },
    { name = "sniffio" },
]
sdist = { url = "https://files.pythonhosted.org/packages/c6/78/7d432127c41b50bccba979505f272c16cbcadcc33645d5fa3a738110ae75/anyio-4.11.0.tar.gz", hash = "sha256:82a8d0b81e318cc5ce71a5f1f8b5c4e63619620b63141ef8c995fa0db95a57c4", size = 219094, upload-time = "2025-09-23T09:19:12.58Z" }
wheels = [
    { url = "https://files.pythonhosted.org/packages/15/b3/9b1a8074496371342ec1e796a96f99c82c945a339cd81a8e73de28b4cf9e/anyio-4.11.0-py3-none-any.whl", hash = "sha256:0287e96f4d26d4149305414d4e3bc32f0dcd0862365a4bddea19d7a1ec38c4fc", size = 109097, upload-time = "2025-09-23T09:19:10.601Z" },
]

[[package]]
name = "certifi"
version = "2025.10.5"
source = { registry = "https://pypi.org/simple" }
sdist = { url = "https://files.pythonhosted.org/packages/4c/5b/b6ce21586237c77ce67d01dc5507039d444b630dd76611bbca2d8e5dcd91/certifi-2025.10.5.tar.gz", hash = "sha256:47c09d31ccf2acf0be3f701ea53595ee7e0b8fa08801c6624be771df09ae7b43", size = 164519, upload-time = "2025-10-05T04:12:15.808Z" }
wheels = [
    { url = "https://files.pythonhosted.org/packages/e4/37/af0d2ef3967ac0d6113837b44a4f0bfe1328c2b9763bd5b1744520e5cfed/certifi-2025.10.5-py3-none-any.whl", hash = "sha256:0f212c2744a9bb6de0c56639a6f68afe01ecd92d91f14ae897c4fe7bbeeef0de", size = 163286, upload-time = "2025-10-05T04:12:14.03Z" },
]

[[package]]
name = "charset-normalizer"
version = "3.4.4"
source = { registry = "https://pypi.org/simple" }
sdist = { url = "https://files.pythonhosted.org/packages/13/69/33ddede1939fdd074bce5434295f38fae7136463422fe4fd3e0e89b98062/charset_normalizer-3.4.4.tar.gz", hash = "sha256:94537985111c35f28720e43603b8e7b43a6ecfb2ce1d3058bbe955b73404e21a", size = 129418, upload-time = "2025-10-14T04:42:32.879Z" }
wheels = [
    { url = "https://files.pythonhosted.org/packages/2a/35/7051599bd493e62411d6ede36fd5af83a38f37c4767b92884df7301db25d/charset_normalizer-3.4.4-cp314-cp314-macosx_10_13_universal2.whl", hash = "sha256:da3326d9e65ef63a817ecbcc0df6e94463713b754fe293eaa03da99befb9a5bd", size = 207746, upload-time = "2025-10-14T04:41:33.773Z" },
    { url = "https://files.pythonhosted.org/packages/10/9a/97c8d48ef10d6cd4fcead2415523221624bf58bcf68a802721a6bc807c8f/charset_normalizer-3.4.4-cp314-cp314-manylinux2014_aarch64.manylinux_2_17_aarch64.manylinux_2_28_aarch64.whl", hash = "sha256:8af65f14dc14a79b924524b1e7fffe304517b2bff5a58bf64f30b98bbc5079eb", size = 147889, upload-time = "2025-10-14T04:41:34.897Z" },
    { url = "https://files.pythonhosted.org/packages/10/bf/979224a919a1b606c82bd2c5fa49b5c6d5727aa47b4312bb27b1734f53cd/charset_normalizer-3.4.4-cp314-cp314-manylinux2014_armv7l.manylinux_2_17_armv7l.manylinux_2_31_armv7l.whl", hash = "sha256:74664978bb272435107de04e36db5a9735e78232b85b77d45cfb38f758efd33e", size = 143641, upload-time = "2025-10-14T04:41:36.116Z" },
    { url = "https://files.pythonhosted.org/packages/ba/33/0ad65587441fc730dc7bd90e9716b30b4702dc7b617e6ba4997dc8651495/charset_normalizer-3.4.4-cp314-cp314-manylinux2014_ppc64le.manylinux_2_17_ppc64le.manylinux_2_28_ppc64le.whl", hash = "sha256:752944c7ffbfdd10c074dc58ec2d5a8a4cd9493b314d367c14d24c17684ddd14", size = 160779, upload-time = "2025-10-14T04:41:37.229Z" },
    { url = "https://files.pythonhosted.org/packages/67/ed/331d6b249259ee71ddea93f6f2f0a56cfebd46938bde6fcc6f7b9a3d0e09/charset_normalizer-3.4.4-cp314-cp314-manylinux2014_s390x.manylinux_2_17_s390x.manylinux_2_28_s390x.whl", hash = "sha256:d1f13550535ad8cff21b8d757a3257963e951d96e20ec82ab44bc64aeb62a191", size = 159035, upload-time = "2025-10-14T04:41:38.368Z" },
    { url = "https://files.pythonhosted.org/packages/67/ff/f6b948ca32e4f2a4576aa129d8bed61f2e0543bf9f5f2b7fc3758ed005c9/charset_normalizer-3.4.4-cp314-cp314-manylinux2014_x86_64.manylinux_2_17_x86_64.manylinux_2_28_x86_64.whl", hash = "sha256:ecaae4149d99b1c9e7b88bb03e3221956f68fd6d50be2ef061b2381b61d20838", size = 152542, upload-time = "2025-10-14T04:41:39.862Z" },
    { url = "https://files.pythonhosted.org/packages/16/85/276033dcbcc369eb176594de22728541a925b2632f9716428c851b149e83/charset_normalizer-3.4.4-cp314-cp314-manylinux_2_31_riscv64.manylinux_2_39_riscv64.whl", hash = "sha256:cb6254dc36b47a990e59e1068afacdcd02958bdcce30bb50cc1700a8b9d624a6", size = 149524, upload-time = "2025-10-14T04:41:41.319Z" },
    { url = "https://files.pythonhosted.org/packages/9e/f2/6a2a1f722b6aba37050e626530a46a68f74e63683947a8acff92569f979a/charset_normalizer-3.4.4-cp314-cp314-musllinux_1_2_aarch64.whl", hash = "sha256:c8ae8a0f02f57a6e61203a31428fa1d677cbe50c93622b4149d5c0f319c1d19e", size = 150395, upload-time = "2025-10-14T04:41:42.539Z" },
    { url = "https://files.pythonhosted.org/packages/60/bb/2186cb2f2bbaea6338cad15ce23a67f9b0672929744381e28b0592676824/charset_normalizer-3.4.4-cp314-cp314-musllinux_1_2_armv7l.whl", hash = "sha256:47cc91b2f4dd2833fddaedd2893006b0106129d4b94fdb6af1f4ce5a9965577c", size = 143680, upload-time = "2025-10-14T04:41:43.661Z" },
    { url = "https://files.pythonhosted.org/packages/7d/a5/bf6f13b772fbb2a90360eb620d52ed8f796f3c5caee8398c3b2eb7b1c60d/charset_normalizer-3.4.4-cp314-cp314-musllinux_1_2_ppc64le.whl", hash = "sha256:82004af6c302b5d3ab2cfc4cc5f29db16123b1a8417f2e25f9066f91d4411090", size = 162045, upload-time = "2025-10-14T04:41:44.821Z" },
    { url = "https://files.pythonhosted.org/packages/df/c5/d1be898bf0dc3ef9030c3825e5d3b83f2c528d207d246cbabe245966808d/charset_normalizer-3.4.4-cp314-cp314-musllinux_1_2_riscv64.whl", hash = "sha256:2b7d8f6c26245217bd2ad053761201e9f9680f8ce52f0fcd8d0755aeae5b2152", size = 149687, upload-time = "2025-10-14T04:41:46.442Z" },
    { url = "https://files.pythonhosted.org/packages/a5/42/90c1f7b9341eef50c8a1cb3f098ac43b0508413f33affd762855f67a410e/charset_normalizer-3.4.4-cp314-cp314-musllinux_1_2_s390x.whl", hash = "sha256:799a7a5e4fb2d5898c60b640fd4981d6a25f1c11790935a44ce38c54e985f828", size = 160014, upload-time = "2025-10-14T04:41:47.631Z" },
    { url = "https://files.pythonhosted.org/packages/76/be/4d3ee471e8145d12795ab655ece37baed0929462a86e72372fd25859047c/charset_normalizer-3.4.4-cp314-cp314-musllinux_1_2_x86_64.whl", hash = "sha256:99ae2cffebb06e6c22bdc25801d7b30f503cc87dbd283479e7b606f70aff57ec", size = 154044, upload-time = "2025-10-14T04:41:48.81Z" },
    { url = "https://files.pythonhosted.org/packages/b0/6f/8f7af07237c34a1defe7defc565a9bc1807762f672c0fde711a4b22bf9c0/charset_normalizer-3.4.4-cp314-cp314-win32.whl", hash = "sha256:f9d332f8c2a2fcbffe1378594431458ddbef721c1769d78e2cbc06280d8155f9", size = 99940, upload-time = "2025-10-14T04:41:49.946Z" },
    { url = "https://files.pythonhosted.org/packages/4b/51/8ade005e5ca5b0d80fb4aff72a3775b325bdc3d27408c8113811a7cbe640/charset_normalizer-3.4.4-cp314-cp314-win_amd64.whl", hash = "sha256:8a6562c3700cce886c5be75ade4a5db4214fda19fede41d9792d100288d8f94c", size = 107104, upload-time = "2025-10-14T04:41:51.051Z" },
    { url = "https://files.pythonhosted.org/packages/da/5f/6b8f83a55bb8278772c5ae54a577f3099025f9ade59d0136ac24a0df4bde/charset_normalizer-3.4.4-cp314-cp314-win_arm64.whl", hash = "sha256:de00632ca48df9daf77a2c65a484531649261ec9f25489917f09e455cb09ddb2", size = 100743, upload-time = "2025-10-14T04:41:52.122Z" },
    { url = "https://files.pythonhosted.org/packages/0a/4c/925909008ed5a988ccbb72dcc897407e5d6d3bd72410d69e051fc0c14647/charset_normalizer-3.4.4-py3-none-any.whl", hash = "sha256:7a32c560861a02ff789ad905a2fe94e3f840803362c84fecf1851cb4cf3dc37f", size = 53402, upload-time = "2025-10-14T04:42:31.76Z" },
]

[[package]]
name = "h11"
version = "0.16.0"
source = { registry = "https://pypi.org/simple" }
sdist = { url = "https://files.pythonhosted.org/packages/01/ee/02a2c011bdab74c6fb3c75474d40b3052059d95df7e73351460c8588d963/h11-0.16.0.tar.gz", hash = "sha256:4e35b956cf45792e4caa5885e69fba00bdbc6ffafbfa020300e549b208ee5ff1", size = 101250, upload-time = "2025-04-24T03:35:25.427Z" }
wheels = [
    { url = "https://files.pythonhosted.org/packages/04/4b/29cac41a4d98d144bf5f6d33995617b185d14b22401f75ca86f384e87ff1/h11-0.16.0-py3-none-any.whl", hash = "sha256:63cf8bbe7522de3bf65932fda1d9c2772064ffb3dae62d55932da54b31cb6c86", size = 37515, upload-time = "2025-04-24T03:35:24.344Z" },
]

[[package]]
name = "httpcore"
version = "1.0.9"
source = { registry = "https://pypi.org/simple" }
dependencies = [
    { name = "certifi" },
    { name = "h11" },
]
sdist = { url = "https://files.pythonhosted.org/packages/06/94/82699a10bca87a5556c9c59b5963f2d039dbd239f25bc2a63907a05a14cb/httpcore-1.0.9.tar.gz", hash = "sha256:6e34463af53fd2ab5d807f399a9b45ea31c3dfa2276f15a2c3f00afff6e176e8", size = 85484, upload-time = "2025-04-24T22:06:22.219Z" }
wheels = [
    { url = "https://files.pythonhosted.org/packages/7e/f5/f66802a942d491edb555dd61e3a9961140fd64c90bce1eafd741609d334d/httpcore-1.0.9-py3-none-any.whl", hash = "sha256:2d400746a40668fc9dec9810239072b40b4484b640a8c38fd654a024c7a1bf55", size = 78784, upload-time = "2025-04-24T22:06:20.566Z" },
]

[[package]]
name = "httpx"
version = "0.28.1"
source = { registry = "https://pypi.org/simple" }
dependencies = [
    { name = "anyio" },
    { name = "certifi" },
    { name = "httpcore" },
    { name = "idna" },
]
sdist = { url = "https://files.pythonhosted.org/packages/b1/df/48c586a5fe32a0f01324ee087459e112ebb7224f646c0b5023f5e79e9956/httpx-0.28.1.tar.gz", hash = "sha256:75e98c5f16b0f35b567856f597f06ff2270a374470a5c2392242528e3e3e42fc", size = 141406, upload-time = "2024-12-06T15:37:23.222Z" }
wheels = [
    { url = "https://files.pythonhosted.org/packages/2a/39/e50c7c3a983047577ee07d2a9e53faf5a69493943ec3f6a384bdc792deb2/httpx-0.28.1-py3-none-any.whl", hash = "sha256:d909fcccc110f8c7faf814ca82a9a4d816bc5a6dbfea25d6591d6985b8ba59ad", size = 73517, upload-time = "2024-12-06T15:37:21.509Z" },
]

[[package]]
name = "idna"
version = "3.11"
source = { registry = "https://pypi.org/simple" }
sdist = { url = "https://files.pythonhosted.org/packages/6f/6d/0703ccc57f3a7233505399edb88de3cbd678da106337b9fcde432b65ed60/idna-3.11.tar.gz", hash = "sha256:795dafcc9c04ed0c1fb032c2aa73654d8e8c5023a7df64a53f39190ada629902", size = 194582, upload-time = "2025-10-12T14:55:20.501Z" }
wheels = [
    { url = "https://files.pythonhosted.org/packages/0e/61/66938bbb5fc52dbdf84594873d5b51fb1f7c7794e9c0f5bd885f30bc507b/idna-3.11-py3-none-any.whl", hash = "sha256:771a87f49d9defaf64091e6e6fe9c18d4833f140bd19464795bc32d966ca37ea", size = 71008, upload-time = "2025-10-12T14:55:18.883Z" },
]

[[package]]
name = "keenetic-vpn-switcher"
version = "0.1.0"
source = { virtual = "." }
dependencies = [
    { name = "python-telegram-bot" },
    { name = "requests" },
]

[package.dev-dependencies]
dev = [
    { name = "prek" },
    { name = "pysentry-rs" },
    { name = "ruff" },
    { name = "ty" },
]

[package.metadata]
requires-dist = [
    { name = "python-telegram-bot", specifier = ">=22.7" },
    { name = "requests", specifier = ">=2.33.1" },
]

[package.metadata.requires-dev]
dev = [
    { name = "prek", specifier = ">=0.3.9" },
    { name = "pysentry-rs", specifier = ">=0.4.5" },
    { name = "ruff", specifier = ">=0.15.9" },
    { name = "ty", specifier = ">=0.0.30" },
]

[[package]]
name = "prek"
version = "0.3.9"
source = { registry = "https://pypi.org/simple" }
sdist = { url = "https://files.pythonhosted.org/packages/15/ff/5b7a2a9c4fa3dd2ffc8b13a9ec22aa550deda5b39ab273f8e02863b12642/prek-0.3.9.tar.gz", hash = "sha256:f82b92d81f42f1f90a47f5fbbf492373e25ef1f790080215b2722dd6da66510e", size = 423801, upload-time = "2026-04-13T12:30:38.191Z" }
wheels = [
    { url = "https://files.pythonhosted.org/packages/3c/08/c11a6b7834b461223763b6b1552f32c9199393685d52d555de621e900ee7/prek-0.3.9-py3-none-linux_armv6l.whl", hash = "sha256:3ed793d51bfaa27bddb64d525d7acb77a7c8644f549412d82252e3eb0b88aad8", size = 5337784, upload-time = "2026-04-13T12:30:46.044Z" },
    { url = "https://files.pythonhosted.org/packages/15/d9/974b02832a645c6411069c713e3191ce807f9962006da108e4727efd2fa1/prek-0.3.9-py3-none-macosx_10_12_x86_64.whl", hash = "sha256:399c58400c0bd0b82a93a3c09dc1bfd88d8d0cfb242d414d2ed247187b06ead1", size = 5713864, upload-time = "2026-04-13T12:30:27.007Z" },
    { url = "https://files.pythonhosted.org/packages/40/e1/4ed14bef15eb30039a75177b0807ac007095a5a110284706ccf900a8d512/prek-0.3.9-py3-none-macosx_11_0_arm64.whl", hash = "sha256:e2ea1ffb124e92f081b8e2ca5b5a623a733efb3be0c5b1f4b7ffe2ee17d1f20c", size = 5290437, upload-time = "2026-04-13T12:30:30.658Z" },
    { url = "https://files.pythonhosted.org/packages/67/80/d5c3015e9da161dede566bfeef41f098f92470613157daa4f7377ab08d58/prek-0.3.9-py3-none-manylinux_2_17_aarch64.manylinux2014_aarch64.musllinux_1_1_aarch64.whl", hash = "sha256:aaf639f95b7301639298311d8d44aad0d0b4864e9736083ad3c71ce9765d37ab", size = 5536208, upload-time = "2026-04-13T12:30:47.964Z" },
    { url = "https://files.pythonhosted.org/packages/c8/54/8cdc5eb1018437d7828740defd322e7a96459c02fc8961160c4120325313/prek-0.3.9-py3-none-manylinux_2_17_armv7l.manylinux2014_armv7l.whl", hash = "sha256:ff104863b187fa443ea8451ca55d51e2c6e94f99f00d88784b5c3c4c623f1ebe", size = 5251785, upload-time = "2026-04-13T12:30:39.78Z" },
    { url = "https://files.pythonhosted.org/packages/bd/e2/a5fc35a0fd3167224a000ca1b6235ecbdea0ac77e24af5979a75b0e6b5a4/prek-0.3.9-py3-none-manylinux_2_17_i686.manylinux2014_i686.whl", hash = "sha256:039ecaf87c63a3e67cca645ebd5bc5eb6aafa6c9d929e9a27b2921e7849d7ef9", size = 5668548, upload-time = "2026-04-13T12:30:24.914Z" },
    { url = "https://files.pythonhosted.org/packages/09/e8/a189ee79f401c259f66f8af587f899d4d5bfb04e0ca371bfd01e49871007/prek-0.3.9-py3-none-manylinux_2_17_s390x.manylinux2014_s390x.whl", hash = "sha256:3bde2a3d045705095983c7f78ba04f72a7565fe1c2b4e85f5628502a254754ff", size = 6660927, upload-time = "2026-04-13T12:30:44.495Z" },
    { url = "https://files.pythonhosted.org/packages/a4/5a/54117316e98ff62a14911ad1488a3a0945530242a2ce3e92f7a40b6ccc02/prek-0.3.9-py3-none-manylinux_2_17_x86_64.manylinux2014_x86_64.whl", hash = "sha256:28a0960a21543563e2c8e19aaad176cc8423a87aac3c914d0f313030d7a9244a", size = 5932244, upload-time = "2026-04-13T12:30:49.532Z" },
    { url = "https://files.pythonhosted.org/packages/a7/f9/e88d4361f59be7adeeb3a8a3819d69d286d86fe6f7606840af6734362675/prek-0.3.9-py3-none-manylinux_2_28_aarch64.whl", hash = "sha256:0dfb5d5171d7523271909246ee306b4dc3d5b63752e7dd7c7e8a8908fc9490d1", size = 5542139, upload-time = "2026-04-13T12:30:41.266Z" },
    { url = "https://files.pythonhosted.org/packages/11/1f/204837115087bb8d063bda754a7fe975428c5d5b6548c30dd749f8ab85d4/prek-0.3.9-py3-none-manylinux_2_31_riscv64.whl", hash = "sha256:82b791bd36c1430c84d3ae7220a85152babc7eaf00f70adcb961bd594e756ba3", size = 5392519, upload-time = "2026-04-13T12:30:32.603Z" },
    { url = "https://files.pythonhosted.org/packages/bd/00/de57b5795e670b6d38e7eda6d9ac6fd6d757ca22f725e5054b042104cd53/prek-0.3.9-py3-none-musllinux_1_1_armv7l.whl", hash = "sha256:6eac6d2f736b041118f053a1487abed468a70dd85a8688eaf87bb42d3dcecf20", size = 5222780, upload-time = "2026-04-13T12:30:36.576Z" },
    { url = "https://files.pythonhosted.org/packages/f5/14/0bc055c305d92980b151f2ec00c14d28fe94c6d51180ca07fded28771cbf/prek-0.3.9-py3-none-musllinux_1_1_i686.whl", hash = "sha256:5517e46e761367a3759b3168eabc120840ffbca9dfbc53187167298a98f87dc4", size = 5524310, upload-time = "2026-04-13T12:30:34.469Z" },
    { url = "https://files.pythonhosted.org/packages/b9/d1/eebc2b69be0de36cd84adbe0a0710f4deb468a90e30525be027d6db02d54/prek-0.3.9-py3-none-musllinux_1_1_x86_64.whl", hash = "sha256:92024778cf78683ca32687bb249ab6a7d5c33887b5ee1d1a9f6d0c14228f4cf3", size = 6043751, upload-time = "2026-04-13T12:30:29.101Z" },
    { url = "https://files.pythonhosted.org/packages/46/cb/be98c04e702cbc0b0328cd745ff4634ace69ad5a84461bde36f88a7be873/prek-0.3.9-py3-none-win32.whl", hash = "sha256:7f89c55e5f480f5d073769e319924ad69d4bf9f98c5cb46a83082e26e634c958", size = 5045940, upload-time = "2026-04-13T12:30:42.882Z" },
    { url = "https://files.pythonhosted.org/packages/a6/b6/b51771d69f6282e34edeb73f23d956da34f2cabbb5ba16ba175cc0a056f9/prek-0.3.9-py3-none-win_amd64.whl", hash = "sha256:7722f3372eaa83b147e70a43cb7b9fe2128c13d0c78d8a1cdbf2a8ec2ee071eb", size = 5435204, upload-time = "2026-04-13T12:30:51.482Z" },
    { url = "https://files.pythonhosted.org/packages/30/8a/f8a87c15b095460eccd67c8d89a086b7a37aac8d363f89544b8ce6ec653d/prek-0.3.9-py3-none-win_arm64.whl", hash = "sha256:0bced6278d6cc8a4b46048979e36bc9da034611dc8facd77ab123177b833a929", size = 5279552, upload-time = "2026-04-13T12:30:53.011Z" },
]

[[package]]
name = "pysentry-rs"
version = "0.4.5"
source = { registry = "https://pypi.org/simple" }
sdist = { url = "https://files.pythonhosted.org/packages/79/3c/2e8c5c6bbf90d0b8ece3fe56e2fdab7e62ddce90a1ea0cd2db83cb732f72/pysentry_rs-0.4.5.tar.gz", hash = "sha256:887b841718700ecffc436b76f12126211c75a1dcf9a6f2e16186097fc807417d", size = 909198, upload-time = "2026-04-14T21:05:03.037Z" }
wheels = [
    { url = "https://files.pythonhosted.org/packages/68/37/f68a76fe78963e32ce33e88fd0dd312c82468cd51b85175612e07c7d78ad/pysentry_rs-0.4.5-cp314-cp314-macosx_10_12_x86_64.whl", hash = "sha256:30798c48774a3208fb182db3805736624291a946a88514e2dd0b157dc2492b6e", size = 4761950, upload-time = "2026-04-14T21:04:38.902Z" },
    { url = "https://files.pythonhosted.org/packages/c1/f4/8489a5a42e81d668909ba57520869c5a1f71f3b68a37b174d28ae397276a/pysentry_rs-0.4.5-cp314-cp314-macosx_11_0_arm64.whl", hash = "sha256:7ab72b50d318d57bf853739d37ee4613ddb4da728bcf3241e2cab2c710abe264", size = 4540980, upload-time = "2026-04-14T21:04:40.542Z" },
    { url = "https://files.pythonhosted.org/packages/58/f9/89aa8a5d12279b2ca19cbf2fc162d4f4caf95f6e81731cc3b32f1a1649d4/pysentry_rs-0.4.5-cp314-cp314-manylinux_2_17_x86_64.manylinux2014_x86_64.whl", hash = "sha256:f77454125ebcc70e0733a195e966b415686e7a5ce25caceacd12b6557d75da22", size = 5072617, upload-time = "2026-04-14T21:04:42.097Z" },
    { url = "https://files.pythonhosted.org/packages/5d/39/7c3012e690babbe519d260ec30ee26a911a5e813cae71e944cf29e7c38e2/pysentry_rs-0.4.5-cp314-cp314-manylinux_2_28_aarch64.whl", hash = "sha256:edd5f5a1a5d8eebe38a41b90323b54d63e2d89218421f37e75a4eecb53a038ea", size = 4981418, upload-time = "2026-04-14T21:04:43.732Z" },
    { url = "https://files.pythonhosted.org/packages/fa/87/a7e833f5dd19433d3aa187e32ace131f17519ac0762ccdc6f66b3f8c6980/pysentry_rs-0.4.5-cp314-cp314-win_amd64.whl", hash = "sha256:e7bb4ab5416515e4b93146e687fdfd5f574a4c835001c5f45c9998cdcf20e97e", size = 4336944, upload-time = "2026-04-14T21:04:45.757Z" },
    { url = "https://files.pythonhosted.org/packages/79/df/bb0f1996827d37c9102dab793b4a828a1bc87c369b377afdcaef9f7d8e06/pysentry_rs-0.4.5-cp314-cp314t-macosx_10_12_x86_64.whl", hash = "sha256:37b3489870e6d872b917a6376f50e5ae30c72f9db9451082da3b9e077669341b", size = 4759975, upload-time = "2026-04-14T21:04:47.366Z" },
    { url = "https://files.pythonhosted.org/packages/25/2e/bba4aa7df0b03d0e625113b738655dc516ee71d157da0fb33e6847936303/pysentry_rs-0.4.5-cp314-cp314t-macosx_11_0_arm64.whl", hash = "sha256:228fd676dac65150f1ee4dcd5d6c002a87531ff9e1af60ed3e869dac02ac207c", size = 4543377, upload-time = "2026-04-14T21:04:48.96Z" },
    { url = "https://files.pythonhosted.org/packages/11/bb/5c7b5c2e70a75ef4aa892ccf8c0ea97fcf29594404960ff8a9298d0526b4/pysentry_rs-0.4.5-cp314-cp314t-manylinux_2_17_x86_64.manylinux2014_x86_64.whl", hash = "sha256:b489426269f4babf9b0f0f09898a3e0d61b2fdb9697464594a1752928eec422a", size = 5075651, upload-time = "2026-04-14T21:04:50.536Z" },
    { url = "https://files.pythonhosted.org/packages/c4/37/cec386bbf35e4148786479045775134f4a010b0cc59d1ebb02d6ff2f70af/pysentry_rs-0.4.5-cp314-cp314t-manylinux_2_28_aarch64.whl", hash = "sha256:eed499588090b681e53692883b30d0ca8e11150c890bb32da99e3739311a94d8", size = 4980653, upload-time = "2026-04-14T21:04:52.215Z" },
    { url = "https://files.pythonhosted.org/packages/c2/4d/931aab6741864ef715413e1888299c162f78d1ed364b2079ac07df32d4c4/pysentry_rs-0.4.5-cp314-cp314t-win_amd64.whl", hash = "sha256:fc86fe4cfcb89952a2451bcbfe74ab88920a5988cbc674d1ac551e30a897f601", size = 4326113, upload-time = "2026-04-14T21:04:53.853Z" },
]

[[package]]
name = "python-telegram-bot"
version = "22.7"
source = { registry = "https://pypi.org/simple" }
dependencies = [
    { name = "httpcore" },
    { name = "httpx" },
]
sdist = { url = "https://files.pythonhosted.org/packages/e4/25/2258161b1069e66d6c39c0a602dbe57461d4767dc0012539970ea40bc9d6/python_telegram_bot-22.7.tar.gz", hash = "sha256:784b59ea3852fe4616ad63b4a0264c755637f5d725e87755ecdee28300febf61", size = 1516454, upload-time = "2026-03-16T09:36:03.174Z" }
wheels = [
    { url = "https://files.pythonhosted.org/packages/94/f7/0e2f89dd62f45d46d4ea0d8aec5893ce5b37389638db010c117f46f11450/python_telegram_bot-22.7-py3-none-any.whl", hash = "sha256:d72eed532cf763758cd9331b57a6d790aff0bb4d37d8f4e92149436fe21c6475", size = 745365, upload-time = "2026-03-16T09:36:01.498Z" },
]

[[package]]
name = "requests"
version = "2.33.1"
source = { registry = "https://pypi.org/simple" }
dependencies = [
    { name = "certifi" },
    { name = "charset-normalizer" },
    { name = "idna" },
    { name = "urllib3" },
]
sdist = { url = "https://files.pythonhosted.org/packages/5f/a4/98b9c7c6428a668bf7e42ebb7c79d576a1c3c1e3ae2d47e674b468388871/requests-2.33.1.tar.gz", hash = "sha256:18817f8c57c6263968bc123d237e3b8b08ac046f5456bd1e307ee8f4250d3517", size = 134120, upload-time = "2026-03-30T16:09:15.531Z" }
wheels = [
    { url = "https://files.pythonhosted.org/packages/d7/8e/7540e8a2036f79a125c1d2ebadf69ed7901608859186c856fa0388ef4197/requests-2.33.1-py3-none-any.whl", hash = "sha256:4e6d1ef462f3626a1f0a0a9c42dd93c63bad33f9f1c1937509b8c5c8718ab56a", size = 64947, upload-time = "2026-03-30T16:09:13.83Z" },
]

[[package]]
name = "ruff"
version = "0.15.10"
source = { registry = "https://pypi.org/simple" }
sdist = { url = "https://files.pythonhosted.org/packages/e7/d9/aa3f7d59a10ef6b14fe3431706f854dbf03c5976be614a9796d36326810c/ruff-0.15.10.tar.gz", hash = "sha256:d1f86e67ebfdef88e00faefa1552b5e510e1d35f3be7d423dc7e84e63788c94e", size = 4631728, upload-time = "2026-04-09T14:06:09.884Z" }
wheels = [
    { url = "https://files.pythonhosted.org/packages/eb/00/a1c2fdc9939b2c03691edbda290afcd297f1f389196172826b03d6b6a595/ruff-0.15.10-py3-none-linux_armv6l.whl", hash = "sha256:0744e31482f8f7d0d10a11fcbf897af272fefdfcb10f5af907b18c2813ff4d5f", size = 10563362, upload-time = "2026-04-09T14:06:21.189Z" },
    { url = "https://files.pythonhosted.org/packages/5c/15/006990029aea0bebe9d33c73c3e28c80c391ebdba408d1b08496f00d422d/ruff-0.15.10-py3-none-macosx_10_12_x86_64.whl", hash = "sha256:b1e7c16ea0ff5a53b7c2df52d947e685973049be1cdfe2b59a9c43601897b22e", size = 10951122, upload-time = "2026-04-09T14:06:02.236Z" },
    { url = "https://files.pythonhosted.org/packages/f2/c0/4ac978fe874d0618c7da647862afe697b281c2806f13ce904ad652fa87e4/ruff-0.15.10-py3-none-macosx_11_0_arm64.whl", hash = "sha256:93cc06a19e5155b4441dd72808fdf84290d84ad8a39ca3b0f994363ade4cebb1", size = 10314005, upload-time = "2026-04-09T14:06:00.026Z" },
    { url = "https://files.pythonhosted.org/packages/da/73/c209138a5c98c0d321266372fc4e33ad43d506d7e5dd817dd89b60a8548f/ruff-0.15.10-py3-none-manylinux_2_17_aarch64.manylinux2014_aarch64.whl", hash = "sha256:83e1dd04312997c99ea6965df66a14fb4f03ba978564574ffc68b0d61fd3989e", size = 10643450, upload-time = "2026-04-09T14:05:42.137Z" },
    { url = "https://files.pythonhosted.org/packages/ec/76/0deec355d8ec10709653635b1f90856735302cb8e149acfdf6f82a5feb70/ruff-0.15.10-py3-none-manylinux_2_17_armv7l.manylinux2014_armv7l.whl", hash = "sha256:8154d43684e4333360fedd11aaa40b1b08a4e37d8ffa9d95fee6fa5b37b6fab1", size = 10379597, upload-time = "2026-04-09T14:05:49.984Z" },
    { url = "https://files.pythonhosted.org/packages/dc/be/86bba8fc8798c081e28a4b3bb6d143ccad3fd5f6f024f02002b8f08a9fa3/ruff-0.15.10-py3-none-manylinux_2_17_i686.manylinux2014_i686.whl", hash = "sha256:8ab88715f3a6deb6bde6c227f3a123410bec7b855c3ae331b4c006189e895cef", size = 11146645, upload-time = "2026-04-09T14:06:12.246Z" },
    { url = "https://files.pythonhosted.org/packages/a8/89/140025e65911b281c57be1d385ba1d932c2366ca88ae6663685aed8d4881/ruff-0.15.10-py3-none-manylinux_2_17_ppc64le.manylinux2014_ppc64le.whl", hash = "sha256:a768ff5969b4f44c349d48edf4ab4f91eddb27fd9d77799598e130fb628aa158", size = 12030289, upload-time = "2026-04-09T14:06:04.776Z" },
    { url = "https://files.pythonhosted.org/packages/88/de/ddacca9545a5e01332567db01d44bd8cf725f2db3b3d61a80550b48308ea/ruff-0.15.10-py3-none-manylinux_2_17_s390x.manylinux2014_s390x.whl", hash = "sha256:0ee3ef42dab7078bda5ff6a1bcba8539e9857deb447132ad5566a038674540d0", size = 11496266, upload-time = "2026-04-09T14:05:55.485Z" },
    { url = "https://files.pythonhosted.org/packages/bc/bb/7ddb00a83760ff4a83c4e2fc231fd63937cc7317c10c82f583302e0f6586/ruff-0.15.10-py3-none-manylinux_2_17_x86_64.manylinux2014_x86_64.whl", hash = "sha256:51cb8cc943e891ba99989dd92d61e29b1d231e14811db9be6440ecf25d5c1609", size = 11256418, upload-time = "2026-04-09T14:05:57.69Z" },
    { url = "https://files.pythonhosted.org/packages/dc/8d/55de0d35aacf6cd50b6ee91ee0f291672080021896543776f4170fc5c454/ruff-0.15.10-py3-none-manylinux_2_31_riscv64.whl", hash = "sha256:e59c9bdc056a320fb9ea1700a8d591718b8faf78af065484e801258d3a76bc3f", size = 11288416, upload-time = "2026-04-09T14:05:44.695Z" },
    { url = "https://files.pythonhosted.org/packages/68/cf/9438b1a27426ec46a80e0a718093c7f958ef72f43eb3111862949ead3cc1/ruff-0.15.10-py3-none-musllinux_1_2_aarch64.whl", hash = "sha256:136c00ca2f47b0018b073f28cb5c1506642a830ea941a60354b0e8bc8076b151", size = 10621053, upload-time = "2026-04-09T14:05:52.782Z" },
    { url = "https://files.pythonhosted.org/packages/4c/50/e29be6e2c135e9cd4cb15fbade49d6a2717e009dff3766dd080fcb82e251/ruff-0.15.10-py3-none-musllinux_1_2_armv7l.whl", hash = "sha256:8b80a2f3c9c8a950d6237f2ca12b206bccff626139be9fa005f14feb881a1ae8", size = 10378302, upload-time = "2026-04-09T14:06:14.361Z" },
    { url = "https://files.pythonhosted.org/packages/18/2f/e0b36a6f99c51bb89f3a30239bc7bf97e87a37ae80aa2d6542d6e5150364/ruff-0.15.10-py3-none-musllinux_1_2_i686.whl", hash = "sha256:e3e53c588164dc025b671c9df2462429d60357ea91af7e92e9d56c565a9f1b07", size = 10850074, upload-time = "2026-04-09T14:06:16.581Z" },
    { url = "https://files.pythonhosted.org/packages/11/08/874da392558ce087a0f9b709dc6ec0d60cbc694c1c772dab8d5f31efe8cb/ruff-0.15.10-py3-none-musllinux_1_2_x86_64.whl", hash = "sha256:b0c52744cf9f143a393e284125d2576140b68264a93c6716464e129a3e9adb48", size = 11358051, upload-time = "2026-04-09T14:06:18.948Z" },
    { url = "https://files.pythonhosted.org/packages/e4/46/602938f030adfa043e67112b73821024dc79f3ab4df5474c25fa4c1d2d14/ruff-0.15.10-py3-none-win32.whl", hash = "sha256:d4272e87e801e9a27a2e8df7b21011c909d9ddd82f4f3281d269b6ba19789ca5", size = 10588964, upload-time = "2026-04-09T14:06:07.14Z" },
    { url = "https://files.pythonhosted.org/packages/25/b6/261225b875d7a13b33a6d02508c39c28450b2041bb01d0f7f1a83d569512/ruff-0.15.10-py3-none-win_amd64.whl", hash = "sha256:28cb32d53203242d403d819fd6983152489b12e4a3ae44993543d6fe62ab42ed", size = 11745044, upload-time = "2026-04-09T14:05:39.473Z" },
    { url = "https://files.pythonhosted.org/packages/58/ed/dea90a65b7d9e69888890fb14c90d7f51bf0c1e82ad800aeb0160e4bacfd/ruff-0.15.10-py3-none-win_arm64.whl", hash = "sha256:601d1610a9e1f1c2165a4f561eeaa2e2ea1e97f3287c5aa258d3dab8b57c6188", size = 11035607, upload-time = "2026-04-09T14:05:47.593Z" },
]

[[package]]
name = "sniffio"
version = "1.3.1"
source = { registry = "https://pypi.org/simple" }
sdist = { url = "https://files.pythonhosted.org/packages/a2/87/a6771e1546d97e7e041b6ae58d80074f81b7d5121207425c964ddf5cfdbd/sniffio-1.3.1.tar.gz", hash = "sha256:f4324edc670a0f49750a81b895f35c3adb843cca46f0530f79fc1babb23789dc", size = 20372, upload-time = "2024-02-25T23:20:04.057Z" }
wheels = [
    { url = "https://files.pythonhosted.org/packages/e9/44/75a9c9421471a6c4805dbf2356f7c181a29c1879239abab1ea2cc8f38b40/sniffio-1.3.1-py3-none-any.whl", hash = "sha256:2f6da418d1f1e0fddd844478f41680e794e6051915791a034ff65e5f100525a2", size = 10235, upload-time = "2024-02-25T23:20:01.196Z" },
]

[[package]]
name = "ty"
version = "0.0.30"
source = { registry = "https://pypi.org/simple" }
sdist = { url = "https://files.pythonhosted.org/packages/62/21/3ee32f163038ac2663c7bea47a07d06bf4cc7c09d95b96db194bda1b70cb/ty-0.0.30.tar.gz", hash = "sha256:c982207640e7d75331b81031ebfb884ab858ed26ab16d7c086ac4942e2771846", size = 5518350, upload-time = "2026-04-14T13:53:35.462Z" }
wheels = [
    { url = "https://files.pythonhosted.org/packages/a8/24/7aa94d02a9257ed96e64e4e99b527f28390febd8424107b4f8a70763ace9/ty-0.0.30-py3-none-linux_armv6l.whl", hash = "sha256:1be31a24a2a177571c3276854bf01b2b1a77dba6e754507089c25bb1825ce5f6", size = 10801835, upload-time = "2026-04-14T13:53:21.477Z" },
    { url = "https://files.pythonhosted.org/packages/ec/97/2410ebc85cfcdf3bbd0e5958c6cd0b88085b1a184374ecfa755f84d6c8b2/ty-0.0.30-py3-none-macosx_10_12_x86_64.whl", hash = "sha256:019f1d0d5d5265a1e634a51fd49374df43dafae14de98c2a0d349beb8233550b", size = 10582386, upload-time = "2026-04-14T13:53:07.472Z" },
    { url = "https://files.pythonhosted.org/packages/e3/d2/a2649eb6841ebf946ac827e778b7e78b5ef63c3758bf2b9da13d927a53da/ty-0.0.30-py3-none-macosx_11_0_arm64.whl", hash = "sha256:fe3012af4d0714e7353fd3cf6d2d02d5b0f0fe6f1cb8beb2366ed9f621c2c349", size = 10031621, upload-time = "2026-04-14T13:53:01.523Z" },
    { url = "https://files.pythonhosted.org/packages/6e/8e/40a66ccd5d5d51adf0469b9fbe4f1f79f928a880b34b8a6c7c934e8a883a/ty-0.0.30-py3-none-manylinux_2_17_aarch64.manylinux2014_aarch64.whl", hash = "sha256:d1e90b4ebf6310c7734344739e0950f4cede5a33b1e51a12a0c0fc8a975866ed", size = 10537511, upload-time = "2026-04-14T13:53:04.538Z" },
    { url = "https://files.pythonhosted.org/packages/25/31/5dea2987601ef1c8c58b04f2173971e7fe51f7902ab93a66d09e0f12115a/ty-0.0.30-py3-none-manylinux_2_17_armv7l.manylinux2014_armv7l.whl", hash = "sha256:fd83a0d82cbc32c2ae521e7fa101fb5fe5b566adb1364996582535700572a9ec", size = 10603406, upload-time = "2026-04-14T13:53:47.564Z" },
    { url = "https://files.pythonhosted.org/packages/b9/a4/5a7585b6b219a2edc00255af0b16a8475f88fe43c5cdbe499daecb67f100/ty-0.0.30-py3-none-manylinux_2_17_i686.manylinux2014_i686.whl", hash = "sha256:672a29271c13247096d0b2766e69cb35b1583882dd6e7b24065927e2491ffe6d", size = 11109133, upload-time = "2026-04-14T13:53:24.463Z" },
    { url = "https://files.pythonhosted.org/packages/b9/83/b402dc4bd99b6f3eb0bce04e557889a164e099976a7fc71a6b07c923241b/ty-0.0.30-py3-none-manylinux_2_17_ppc64le.manylinux2014_ppc64le.whl", hash = "sha256:91ff236adbb90281c05f7e160664820be50f42d3a9d8f1d0a648f006864114fa", size = 11663362, upload-time = "2026-04-14T13:53:18.505Z" },
    { url = "https://files.pythonhosted.org/packages/65/1b/8157f03acc15421083c194b11a61a78d10e3dfa7e4a0177809fc9acc3881/ty-0.0.30-py3-none-manylinux_2_17_s390x.manylinux2014_s390x.whl", hash = "sha256:6ec99bd5d5430c52fb64038483deb070f12c7ae78ffd6d6841d31719daedf1d7", size = 11304786, upload-time = "2026-04-14T13:53:30.076Z" },
    { url = "https://files.pythonhosted.org/packages/d9/c3/f89a9a42b47da108ed758ae9d065d10bf2acc2ea88e3d200b95511096b7b/ty-0.0.30-py3-none-manylinux_2_17_x86_64.manylinux2014_x86_64.whl", hash = "sha256:a4b328ee332ec6276afc863ea7cf6d8167d9dd8d9f3d1c2e738ef39932511ac4", size = 11173426, upload-time = "2026-04-14T13:53:10.262Z" },
    { url = "https://files.pythonhosted.org/packages/81/37/fa38ee0259dc49579e1871b23ab1ff27331a78460566cdc13045a237595d/ty-0.0.30-py3-none-musllinux_1_2_aarch64.whl", hash = "sha256:fd0d664d6530890a8e872accd96895410773e7a4c6d20c244fb7a5f541ff359b", size = 10517157, upload-time = "2026-04-14T13:53:15.739Z" },
    { url = "https://files.pythonhosted.org/packages/2e/79/28032481141eb6ce3274f62b9ff9b1d73d59df6b28080c8fe3c6bdef700e/ty-0.0.30-py3-none-musllinux_1_2_armv7l.whl", hash = "sha256:314004166a7a5e39e169c7da0b9e78f3315382f53db8698fd98346cee3bb0784", size = 10613222, upload-time = "2026-04-14T13:53:13.269Z" },
    { url = "https://files.pythonhosted.org/packages/45/a0/989fca4c74095defd7d3ba5afc68a5aa4e2ca428fedfca5df526701c730b/ty-0.0.30-py3-none-musllinux_1_2_i686.whl", hash = "sha256:d969ebf9d8b08e93e638c56e6fb5a8dacd2a24f43e3519479d245ddde69f968e", size = 10789624, upload-time = "2026-04-14T13:53:42.156Z" },
    { url = "https://files.pythonhosted.org/packages/5c/74/3e74aba392ba2eeae5d86568ee282d9d6b2b6642445e3d9837c88d73c282/ty-0.0.30-py3-none-musllinux_1_2_x86_64.whl", hash = "sha256:66922c8c4381a016f90ec4b811748e7bb12da892f4c273640710da721caea7fb", size = 11260273, upload-time = "2026-04-14T13:53:44.974Z" },
    { url = "https://files.pythonhosted.org/packages/24/0e/e94a0e5e5a1850a2ba61c5efcfa594cfc2d23c026bf431cce33003d036a0/ty-0.0.30-py3-none-win32.whl", hash = "sha256:b7b2ecf80c872d7d9928b372e99233bdda7cabe639edd06b6232c3161a7dfa40", size = 10145096, upload-time = "2026-04-14T13:53:39.335Z" },
    { url = "https://files.pythonhosted.org/packages/50/d3/09c8df72ad37f7f4d9d79fe04a08bfa649d9f141d137e624fc23c7c3d7fe/ty-0.0.30-py3-none-win_amd64.whl", hash = "sha256:f29834e3d96c447f2adcf9eeb55b3f92005c91f52597c4c46d844188ec67ec72", size = 11156009, upload-time = "2026-04-14T13:53:32.847Z" },
    { url = "https://files.pythonhosted.org/packages/e6/17/a5c049c36e2fef9c593a1862f275af963b66045378f10b6908c6f10f6f4a/ty-0.0.30-py3-none-win_arm64.whl", hash = "sha256:d9be1d258dab615b447d20fa58633f0ae163af01bfa781a50457defec20642fd", size = 10552887, upload-time = "2026-04-14T13:53:27.455Z" },
]

[[package]]
name = "urllib3"
version = "2.6.3"
source = { registry = "https://pypi.org/simple" }
sdist = { url = "https://files.pythonhosted.org/packages/c7/24/5f1b3bdffd70275f6661c76461e25f024d5a38a46f04aaca912426a2b1d3/urllib3-2.6.3.tar.gz", hash = "sha256:1b62b6884944a57dbe321509ab94fd4d3b307075e0c2eae991ac71ee15ad38ed", size = 435556, upload-time = "2026-01-07T16:24:43.925Z" }
wheels = [
    { url = "https://files.pythonhosted.org/packages/39/08/aaaad47bc4e9dc8c725e68f9d04865dbcb2052843ff09c97b08904852d84/urllib3-2.6.3-py3-none-any.whl", hash = "sha256:bf272323e553dfb2e87d9bfd225ca7b0f467b919d7bbd355436d3fd37cb0acd4", size = 131584, upload-time = "2026-01-07T16:24:42.685Z" },
]
