version = 1
revision = 3
requires-python = ">=3.14"

[[package]]
name = "anyio"
version = "4.11.0"
source = { registry = "https://pypi.org/simple" }
dependencies = [
    { name = "idna" },
    { name = "sniffio" },
]
sdist = { url = "https://files.pythonhosted.org/packages/c6/78/7d432127c41b50bccba979505f272c16cbcadcc33645d5fa3a738110ae75/anyio-4.11.0.tar.gz", hash = "sha256:82a8d0b81e318cc5ce71a5f1f8b5c4e63619620b63141ef8c995fa0db95a57c4", size = 219094, upload-time = "2025-09-23T09:19:12.58Z" }
wheels = [
    { url = "https://files.pythonhosted.org/packages/15/b3/9b1a8074496371342ec1e796a96f99c82c945a339cd81a8e73de28b4cf9e/anyio-4.11.0-py3-none-any.whl", hash = "sha256:0287e96f4d26d4149305414d4e3bc32f0dcd0862365a4bddea19d7a1ec38c4fc", size = 109097, upload-time = "2025-09-23T09:19:10.601Z" },
]

[[package]]
name = "certifi"
version = "2025.10.5"
source = { registry = "https://pypi.org/simple" }
sdist = { url = "https://files.pythonhosted.org/packages/4c/5b/b6ce21586237c77ce67d01dc5507039d444b630dd76611bbca2d8e5dcd91/certifi-2025.10.5.tar.gz", hash = "sha256:47c09d31ccf2acf0be3f701ea53595ee7e0b8fa08801c6624be771df09ae7b43", size = 164519, upload-time = "2025-10-05T04:12:15.808Z" }
wheels = [
    { url = "https://files.pythonhosted.org/packages/e4/37/af0d2ef3967ac0d6113837b44a4f0bfe1328c2b9763bd5b1744520e5cfed/certifi-2025.10.5-py3-none-any.whl", hash = "sha256:0f212c2744a9bb6de0c56639a6f68afe01ecd92d91f14ae897c4fe7bbeeef0de", size = 163286, upload-time = "2025-10-05T04:12:14.03Z" },
]

[[package]]
name = "charset-normalizer"
version = "3.4.4"
source = { registry = "https://pypi.org/simple" }
sdist = { url = "https://files.pythonhosted.org/packages/13/69/33ddede1939fdd074bce5434295f38fae7136463422fe4fd3e0e89b98062/charset_normalizer-3.4.4.tar.gz", hash = "sha256:94537985111c35f28720e43603b8e7b43a6ecfb2ce1d3058bbe955b73404e21a", size = 129418, upload-time = "2025-10-14T04:42:32.879Z" }
wheels = [
    { url = "https://files.pythonhosted.org/packages/2a/35/7051599bd493e62411d6ede36fd5af83a38f37c4767b92884df7301db25d/charset_normalizer-3.4.4-cp314-cp314-macosx_10_13_universal2.whl", hash = "sha256:da3326d9e65ef63a817ecbcc0df6e94463713b754fe293eaa03da99befb9a5bd", size = 207746, upload-time = "2025-10-14T04:41:33.773Z" },
    { url = "https://files.pythonhosted.org/packages/10/9a/97c8d48ef10d6cd4fcead2415523221624bf58bcf68a802721a6bc807c8f/charset_normalizer-3.4.4-cp314-cp314-manylinux2014_aarch64.manylinux_2_17_aarch64.manylinux_2_28_aarch64.whl", hash = "sha256:8af65f14dc14a79b924524b1e7fffe304517b2bff5a58bf64f30b98bbc5079eb", size = 147889, upload-time = "2025-10-14T04:41:34.897Z" },
    { url = "https://files.pythonhosted.org/packages/10/bf/979224a919a1b606c82bd2c5fa49b5c6d5727aa47b4312bb27b1734f53cd/charset_normalizer-3.4.4-cp314-cp314-manylinux2014_armv7l.manylinux_2_17_armv7l.manylinux_2_31_armv7l.whl", hash = "sha256:74664978bb272435107de04e36db5a9735e78232b85b77d45cfb38f758efd33e", size = 143641, upload-time = "2025-10-14T04:41:36.116Z" },
    { url = "https://files.pythonhosted.org/packages/ba/33/0ad65587441fc730dc7bd90e9716b30b4702dc7b617e6ba4997dc8651495/charset_normalizer-3.4.4-cp314-cp314-manylinux2014_ppc64le.manylinux_2_17_ppc64le.manylinux_2_28_ppc64le.whl", hash = "sha256:752944c7ffbfdd10c074dc58ec2d5a8a4cd9493b314d367c14d24c17684ddd14", size = 160779, upload-time = "2025-10-14T04:41:37.229Z" },
    { url = "https://files.pythonhosted.org/packages/67/ed/331d6b249259ee71ddea93f6f2f0a56cfebd46938bde6fcc6f7b9a3d0e09/charset_normalizer-3.4.4-cp314-cp314-manylinux2014_s390x.manylinux_2_17_s390x.manylinux_2_28_s390x.whl", hash = "sha256:d1f13550535ad8cff21b8d757a3257963e951d96e20ec82ab44bc64aeb62a191", size = 159035, upload-time = "2025-10-14T04:41:38.368Z" },
    { url = "https://files.pythonhosted.org/packages/67/ff/f6b948ca32e4f2a4576aa129d8bed61f2e0543bf9f5f2b7fc3758ed005c9/charset_normalizer-3.4.4-cp314-cp314-manylinux2014_x86_64.manylinux_2_17_x86_64.manylinux_2_28_x86_64.whl", hash = "sha256:ecaae4149d99b1c9e7b88bb03e3221956f68fd6d50be2ef061b2381b61d20838", size = 152542, upload-time = "2025-10-14T04:41:39.862Z" },
    { url = "https://files.pythonhosted.org/packages/16/85/276033dcbcc369eb176594de22728541a925b2632f9716428c851b149e83/charset_normalizer-3.4.4-cp314-cp314-manylinux_2_31_riscv64.manylinux_2_39_riscv64.whl", hash = "sha256:cb6254dc36b47a990e59e1068afacdcd02958bdcce30bb50cc1700a8b9d624a6", size = 149524, upload-time = "2025-10-14T04:41:41.319Z" },
    { url = "https://files.pythonhosted.org/packages/9e/f2/6a2a1f722b6aba37050e626530a46a68f74e63683947a8acff92569f979a/charset_normalizer-3.4.4-cp314-cp314-musllinux_1_2_aarch64.whl", hash = "sha256:c8ae8a0f02f57a6e61203a31428fa1d677cbe50c93622b4149d5c0f319c1d19e", size = 150395, upload-time = "2025-10-14T04:41:42.539Z" },
    { url = "https://files.pythonhosted.org/packages/60/bb/2186cb2f2bbaea6338cad15ce23a67f9b0672929744381e28b0592676824/charset_normalizer-3.4.4-cp314-cp314-musllinux_1_2_armv7l.whl", hash = "sha256:47cc91b2f4dd2833fddaedd2893006b0106129d4b94fdb6af1f4ce5a9965577c", size = 143680, upload-time = "2025-10-14T04:41:43.661Z" },
    { url = "https://files.pythonhosted.org/packages/7d/a5/bf6f13b772fbb2a90360eb620d52ed8f796f3c5caee8398c3b2eb7b1c60d/charset_normalizer-3.4.4-cp314-cp314-musllinux_1_2_ppc64le.whl", hash = "sha256:82004af6c302b5d3ab2cfc4cc5f29db16123b1a8417f2e25f9066f91d4411090", size = 162045, upload-time = "2025-10-14T04:41:44.821Z" },
    { url = "https://files.pythonhosted.org/packages/df/c5/d1be898bf0dc3ef9030c3825e5d3b83f2c528d207d246cbabe245966808d/charset_normalizer-3.4.4-cp314-cp314-musllinux_1_2_riscv64.whl", hash = "sha256:2b7d8f6c26245217bd2ad053761201e9f9680f8ce52f0fcd8d0755aeae5b2152", size = 149687, upload-time = "2025-10-14T04:41:46.442Z" },
    { url = "https://files.pythonhosted.org/packages/a5/42/90c1f7b9341eef50c8a1cb3f098ac43b0508413f33affd762855f67a410e/charset_normalizer-3.4.4-cp314-cp314-musllinux_1_2_s390x.whl", hash = "sha256:799a7a5e4fb2d5898c60b640fd4981d6a25f1c11790935a44ce38c54e985f828", size = 160014, upload-time = "2025-10-14T04:41:47.631Z" },
    { url = "https://files.pythonhosted.org/packages/76/be/4d3ee471e8145d12795ab655ece37baed0929462a86e72372fd25859047c/charset_normalizer-3.4.4-cp314-cp314-musllinux_1_2_x86_64.whl", hash = "sha256:99ae2cffebb06e6c22bdc25801d7b30f503cc87dbd283479e7b606f70aff57ec", size = 154044, upload-time = "2025-10-14T04:41:48.81Z" },
    { url = "https://files.pythonhosted.org/packages/b0/6f/8f7af07237c34a1defe7defc565a9bc1807762f672c0fde711a4b22bf9c0/charset_normalizer-3.4.4-cp314-cp314-win32.whl", hash = "sha256:f9d332f8c2a2fcbffe1378594431458ddbef721c1769d78e2cbc06280d8155f9", size = 99940, upload-time = "2025-10-14T04:41:49.946Z" },
    { url = "https://files.pythonhosted.org/packages/4b/51/8ade005e5ca5b0d80fb4aff72a3775b325bdc3d27408c8113811a7cbe640/charset_normalizer-3.4.4-cp314-cp314-win_amd64.whl", hash = "sha256:8a6562c3700cce886c5be75ade4a5db4214fda19fede41d9792d100288d8f94c", size = 107104, upload-time = "2025-10-14T04:41:51.051Z" },
    { url = "https://files.pythonhosted.org/packages/da/5f/6b8f83a55bb8278772c5ae54a577f3099025f9ade59d0136ac24a0df4bde/charset_normalizer-3.4.4-cp314-cp314-win_arm64.whl", hash = "sha256:de00632ca48df9daf77a2c65a484531649261ec9f25489917f09e455cb09ddb2", size = 100743, upload-time = "2025-10-14T04:41:52.122Z" },
    { url = "https://files.pythonhosted.org/packages/0a/4c/925909008ed5a988ccbb72dcc897407e5d6d3bd72410d69e051fc0c14647/charset_normalizer-3.4.4-py3-none-any.whl", hash = "sha256:7a32c560861a02ff789ad905a2fe94e3f840803362c84fecf1851cb4cf3dc37f", size = 53402, upload-time = "2025-10-14T04:42:31.76Z" },
]

[[package]]
name = "click"
version = "8.3.3"
source = { registry = "https://pypi.org/simple" }
dependencies = [
    { name = "colorama", marker = "sys_platform == 'win32'" },
]
sdist = { url = "https://files.pythonhosted.org/packages/bb/63/f9e1ea081ce35720d8b92acde70daaedace594dc93b693c869e0d5910718/click-8.3.3.tar.gz", hash = "sha256:398329ad4837b2ff7cbe1dd166a4c0f8900c3ca3a218de04466f38f6497f18a2", size = 328061, upload-time = "2026-04-22T15:11:27.506Z" }
wheels = [
    { url = "https://files.pythonhosted.org/packages/ae/44/c1221527f6a71a01ec6fbad7fa78f1d50dfa02217385cf0fa3eec7087d59/click-8.3.3-py3-none-any.whl", hash = "sha256:a2bf429bb3033c89fa4936ffb35d5cb471e3719e1f3c8a7c3fff0b8314305613", size = 110502, upload-time = "2026-04-22T15:11:25.044Z" },
]

[[package]]
name = "colorama"
version = "0.4.6"
source = { registry = "https://pypi.org/simple" }
sdist = { url = "https://files.pythonhosted.org/packages/d8/53/6f443c9a4a8358a93a6792e2acffb9d9d5cb0a5cfd8802644b7b1c9a02e4/colorama-0.4.6.tar.gz", hash = "sha256:08695f5cb7ed6e0531a20572697297273c47b8cae5a63ffc6d6ed5c201be6e44", size = 27697, upload-time = "2022-10-25T02:36:22.414Z" }
wheels = [
    { url = "https://files.pythonhosted.org/packages/d1/d6/3965ed04c63042e047cb6a3e6ed1a63a35087b6a609aa3a15ed8ac56c221/colorama-0.4.6-py2.py3-none-any.whl", hash = "sha256:4f1d9991f5acc0ca119f9d443620b77f9d6b33703e51011c16baf57afb285fc6", size = 25335, upload-time = "2022-10-25T02:36:20.889Z" },
]

[[package]]
name = "deptry"
version = "0.25.1"
source = { registry = "https://pypi.org/simple" }
dependencies = [
    { name = "click" },
    { name = "colorama", marker = "sys_platform == 'win32'" },
    { name = "packaging" },
    { name = "requirements-parser" },
    { name = "tomli", marker = "python_full_version < '3.15'" },
]
sdist = { url = "https://files.pythonhosted.org/packages/b8/b2/50ccc99362ae7757342978b7ecb3b98e47fade721fd617d74db1948ec3a1/deptry-0.25.1.tar.gz", hash = "sha256:45c8cd982c85cd4faae573ddff6920de7eec735336db6973f26a765ae7950f7d", size = 509748, upload-time = "2026-03-18T23:22:18.139Z" }
wheels = [
    { url = "https://files.pythonhosted.org/packages/33/1d/b538dc635e873b25360d761cfe1fa0ccd7d6c69b698047e552f33401e60d/deptry-0.25.1-cp310-abi3-macosx_10_12_x86_64.whl", hash = "sha256:a4dd1148db24a1ddacfa8b840836c6019c2f864fcb7579dd089fd217606338c8", size = 1850319, upload-time = "2026-03-18T23:22:15.65Z" },
    { url = "https://files.pythonhosted.org/packages/fe/a9/511477a8f0ae4f6021d68a80bdca77e7ffb0722008dc24ee5d9ef49f5c88/deptry-0.25.1-cp310-abi3-macosx_11_0_arm64.whl", hash = "sha256:c67c666d916ef12013c0772e40d78be0f21577a495d8d99ec5fcb18c332d393d", size = 1759259, upload-time = "2026-03-18T23:22:30.853Z" },
    { url = "https://files.pythonhosted.org/packages/4f/4b/c9f0bdda410912a6df79a789cb118fa29acae02a397794ead3c84adcda5c/deptry-0.25.1-cp310-abi3-manylinux_2_17_aarch64.manylinux2014_aarch64.whl", hash = "sha256:58d39279828dbf4efc1abb40bf50a71b21499c36759bed5a8d8a3c0e3149b091", size = 1872012, upload-time = "2026-03-18T23:22:19.145Z" },
    { url = "https://files.pythonhosted.org/packages/72/9c/6f6f9125bac74b5d5d2af89536cbdb3fa159b6466aa097b74e7e85e8e030/deptry-0.25.1-cp310-abi3-manylinux_2_17_x86_64.manylinux2014_x86_64.whl", hash = "sha256:14bfcc28b4326ed8c6abb30691b19077d4ef8613cfba6c37ef5b1f471775bf6f", size = 1926575, upload-time = "2026-03-18T23:22:11.269Z" },
    { url = "https://files.pythonhosted.org/packages/52/48/2a5e705a7f898295966ade67bd1223e2af96da433e25b39f6b9483ba2c7b/deptry-0.25.1-cp310-abi3-musllinux_1_1_aarch64.whl", hash = "sha256:555f5f9a487899ec9bf301eecba1745e14d212c4b354f4d3a5fd691e907366d3", size = 2050816, upload-time = "2026-03-18T23:22:27.439Z" },
    { url = "https://files.pythonhosted.org/packages/5f/c6/50f189a894e1f3bf21266299112c8a06cb731838976e1b9a9cadd0b4a86e/deptry-0.25.1-cp310-abi3-musllinux_1_1_x86_64.whl", hash = "sha256:18d21b3545ab2bfec53f3f45c6f5f201d55f713323327f8d12674505469ae6b7", size = 2145416, upload-time = "2026-03-18T23:22:24.682Z" },
    { url = "https://files.pythonhosted.org/packages/7a/6a/3f82f7a06217778282bc4456af1b4ffb3bc4b2c8e7891d00e8323f9ad0b8/deptry-0.25.1-cp310-abi3-win_amd64.whl", hash = "sha256:b59a560cb7dffb21832a98bb80d33d614cfb5630ea36ce21833eabf4eae3df99", size = 1718489, upload-time = "2026-03-18T23:22:28.589Z" },
    { url = "https://files.pythonhosted.org/packages/c7/7f/cd6b3ac8cf95f2f1c5c7a74ff6452e9098af89a9b56607381f677880641e/deptry-0.25.1-cp310-abi3-win_arm64.whl", hash = "sha256:6efffd8116fb9d2c45a251382ce4ce1c38dbb17179f581ec9231ed5390f7fc12", size = 1647020, upload-time = "2026-03-18T23:22:23.311Z" },
]

[[package]]
name = "h11"
version = "0.16.0"
source = { registry = "https://pypi.org/simple" }
sdist = { url = "https://files.pythonhosted.org/packages/01/ee/02a2c011bdab74c6fb3c75474d40b3052059d95df7e73351460c8588d963/h11-0.16.0.tar.gz", hash = "sha256:4e35b956cf45792e4caa5885e69fba00bdbc6ffafbfa020300e549b208ee5ff1", size = 101250, upload-time = "2025-04-24T03:35:25.427Z" }
wheels = [
    { url = "https://files.pythonhosted.org/packages/04/4b/29cac41a4d98d144bf5f6d33995617b185d14b22401f75ca86f384e87ff1/h11-0.16.0-py3-none-any.whl", hash = "sha256:63cf8bbe7522de3bf65932fda1d9c2772064ffb3dae62d55932da54b31cb6c86", size = 37515, upload-time = "2025-04-24T03:35:24.344Z" },
]

[[package]]
name = "httpcore"
version = "1.0.9"
source = { registry = "https://pypi.org/simple" }
dependencies = [
    { name = "certifi" },
    { name = "h11" },
]
sdist = { url = "https://files.pythonhosted.org/packages/06/94/82699a10bca87a5556c9c59b5963f2d039dbd239f25bc2a63907a05a14cb/httpcore-1.0.9.tar.gz", hash = "sha256:6e34463af53fd2ab5d807f399a9b45ea31c3dfa2276f15a2c3f00afff6e176e8", size = 85484, upload-time = "2025-04-24T22:06:22.219Z" }
wheels = [
    { url = "https://files.pythonhosted.org/packages/7e/f5/f66802a942d491edb555dd61e3a9961140fd64c90bce1eafd741609d334d/httpcore-1.0.9-py3-none-any.whl", hash = "sha256:2d400746a40668fc9dec9810239072b40b4484b640a8c38fd654a024c7a1bf55", size = 78784, upload-time = "2025-04-24T22:06:20.566Z" },
]

[[package]]
name = "httpx"
version = "0.28.1"
source = { registry = "https://pypi.org/simple" }
dependencies = [
    { name = "anyio" },
    { name = "certifi" },
    { name = "httpcore" },
    { name = "idna" },
]
sdist = { url = "https://files.pythonhosted.org/packages/b1/df/48c586a5fe32a0f01324ee087459e112ebb7224f646c0b5023f5e79e9956/httpx-0.28.1.tar.gz", hash = "sha256:75e98c5f16b0f35b567856f597f06ff2270a374470a5c2392242528e3e3e42fc", size = 141406, upload-time = "2024-12-06T15:37:23.222Z" }
wheels = [
    { url = "https://files.pythonhosted.org/packages/2a/39/e50c7c3a983047577ee07d2a9e53faf5a69493943ec3f6a384bdc792deb2/httpx-0.28.1-py3-none-any.whl", hash = "sha256:d909fcccc110f8c7faf814ca82a9a4d816bc5a6dbfea25d6591d6985b8ba59ad", size = 73517, upload-time = "2024-12-06T15:37:21.509Z" },
]

[[package]]
name = "idna"
version = "3.11"
source = { registry = "https://pypi.org/simple" }
sdist = { url = "https://files.pythonhosted.org/packages/6f/6d/0703ccc57f3a7233505399edb88de3cbd678da106337b9fcde432b65ed60/idna-3.11.tar.gz", hash = "sha256:795dafcc9c04ed0c1fb032c2aa73654d8e8c5023a7df64a53f39190ada629902", size = 194582, upload-time = "2025-10-12T14:55:20.501Z" }
wheels = [
    { url = "https://files.pythonhosted.org/packages/0e/61/66938bbb5fc52dbdf84594873d5b51fb1f7c7794e9c0f5bd885f30bc507b/idna-3.11-py3-none-any.whl", hash = "sha256:771a87f49d9defaf64091e6e6fe9c18d4833f140bd19464795bc32d966ca37ea", size = 71008, upload-time = "2025-10-12T14:55:18.883Z" },
]

[[package]]
name = "keenetic-vpn-switcher"
version = "0.1.0"
source = { virtual = "." }
dependencies = [
    { name = "python-telegram-bot" },
    { name = "requests" },
]

[package.dev-dependencies]
dev = [
    { name = "deptry" },
    { name = "prek" },
    { name = "pysentry-rs" },
    { name = "ruff" },
    { name = "ty" },
]

[package.metadata]
requires-dist = [
    { name = "python-telegram-bot", specifier = ">=22.7" },
    { name = "requests", specifier = ">=2.34.2" },
]

[package.metadata.requires-dev]
dev = [
    { name = "deptry", specifier = ">=0.25.1" },
    { name = "prek", specifier = ">=0.4.1" },
    { name = "pysentry-rs", specifier = ">=0.4.5" },
    { name = "ruff", specifier = ">=0.15.13" },
    { name = "ty", specifier = ">=0.0.38" },
]

[[package]]
name = "packaging"
version = "26.2"
source = { registry = "https://pypi.org/simple" }
sdist = { url = "https://files.pythonhosted.org/packages/d7/f1/e7a6dd94a8d4a5626c03e4e99c87f241ba9e350cd9e6d75123f992427270/packaging-26.2.tar.gz", hash = "sha256:ff452ff5a3e828ce110190feff1178bb1f2ea2281fa2075aadb987c2fb221661", size = 228134, upload-time = "2026-04-24T20:15:23.917Z" }
wheels = [
    { url = "https://files.pythonhosted.org/packages/df/b2/87e62e8c3e2f4b32e5fe99e0b86d576da1312593b39f47d8ceef365e95ed/packaging-26.2-py3-none-any.whl", hash = "sha256:5fc45236b9446107ff2415ce77c807cee2862cb6fac22b8a73826d0693b0980e", size = 100195, upload-time = "2026-04-24T20:15:22.081Z" },
]

[[package]]
name = "prek"
version = "0.4.1"
source = { registry = "https://pypi.org/simple" }
sdist = { url = "https://files.pythonhosted.org/packages/1c/01/1d2c238c6f226d75881cd7a5532e980f4d524babc3c034d16ad89e88b6e1/prek-0.4.1.tar.gz", hash = "sha256:622a8812bda87cf4ddcae2dab5ccecc55b88d70c677129dbe25e975d923179f0", size = 452606, upload-time = "2026-05-20T04:27:19.259Z" }
wheels = [
    { url = "https://files.pythonhosted.org/packages/d1/ca/0274343faf2672d649b1e648053d3cb48fdfef7a390b43713d95880ebb67/prek-0.4.1-py3-none-linux_armv6l.whl", hash = "sha256:10e7e78ffe65dfba7d687a8c71b2f473554d1ba60f43c742105da4c0030feed9", size = 5515584, upload-time = "2026-05-20T04:27:29.386Z" },
    { url = "https://files.pythonhosted.org/packages/37/4e/6a067f530194a6e4141c36463eece92356dfd7f924ffe0cbf456bdca723b/prek-0.4.1-py3-none-macosx_10_12_x86_64.whl", hash = "sha256:b25807e0aa57d2118747e127b58e7a1bf41d5d7b3323f5f3f1f3cb10031245cc", size = 5878925, upload-time = "2026-05-20T04:27:31.71Z" },
    { url = "https://files.pythonhosted.org/packages/e3/3d/a334c0f5b88fadca888eadfc1fb3d7f1dc8358b1a534d0987339ecb8eb92/prek-0.4.1-py3-none-macosx_11_0_arm64.whl", hash = "sha256:efa95331c4c171a867c0064c19d8a4abc94a1c1c920c8b8092f2d7d87f4b90a8", size = 5440994, upload-time = "2026-05-20T04:27:40.578Z" },
    { url = "https://files.pythonhosted.org/packages/0c/3b/fa6eb635495c3576e65d7f42a48b9fdf4926dd052010df506ed98e9f9680/prek-0.4.1-py3-none-manylinux_2_17_aarch64.manylinux2014_aarch64.musllinux_1_1_aarch64.whl", hash = "sha256:2d1805123ab5d730629de588bf319ea39e7078b589b3288c95740f1b4780a1d4", size = 5692369, upload-time = "2026-05-20T04:27:23.184Z" },
    { url = "https://files.pythonhosted.org/packages/70/cb/9d9078723b3facb40289444332ca82bf38c0e1db3b5a907af461aba12324/prek-0.4.1-py3-none-manylinux_2_17_armv7l.manylinux2014_armv7l.whl", hash = "sha256:051c442b570b53756225410240577bee1aeace6be52955dfacf45a9783223b36", size = 5430031, upload-time = "2026-05-20T04:27:27.475Z" },
    { url = "https://files.pythonhosted.org/packages/ff/96/2d8cc6b5425215cd0b610f1dcef3f6f0f23db2a2b85f1a6fca43b7e7fe24/prek-0.4.1-py3-none-manylinux_2_17_i686.manylinux2014_i686.whl", hash = "sha256:76663998827a2cbc94f5e209319809655489b5bd1f8e70568a623372e80253f0", size = 5834244, upload-time = "2026-05-20T04:27:44.229Z" },
    { url = "https://files.pythonhosted.org/packages/59/e0/cce02f3ade48a6d4bffb25e5f0ac28d10928263b0a4f53ecc72954957f4e/prek-0.4.1-py3-none-manylinux_2_17_s390x.manylinux2014_s390x.whl", hash = "sha256:2ab3460641762edf128b1ec8e833ce7e9ae015d1268a894560cb90d3393a7527", size = 6711903, upload-time = "2026-05-20T04:27:34.128Z" },
    { url = "https://files.pythonhosted.org/packages/c9/2a/ccd581b6222277a2aa095530844d5bb76db4547042f05a9cb649476bf904/prek-0.4.1-py3-none-manylinux_2_17_x86_64.manylinux2014_x86_64.whl", hash = "sha256:6e69a9c02ead38706a5d2a4ae209dccba08ccb5d0026e1d08e723c66ab964750", size = 6084138, upload-time = "2026-05-20T04:27:46.549Z" },
    { url = "https://files.pythonhosted.org/packages/0a/b7/6164a7dc6bb4796cfc19445be798302cc7625b62e2bec89ffb4272d7f983/prek-0.4.1-py3-none-manylinux_2_28_aarch64.whl", hash = "sha256:dc744fedf98df8a00a9e3bcd629b163fee5e9f9e22bce66029d9945241586165", size = 5698950, upload-time = "2026-05-20T04:27:36.165Z" },
    { url = "https://files.pythonhosted.org/packages/96/40/8151d6445a0f41ad60e979db39d8b0c6b074aad919cf5c73233281f0dff1/prek-0.4.1-py3-none-manylinux_2_31_riscv64.whl", hash = "sha256:c0877e82c52359d655fe1072b3a5228639184d1d5f03c6803b6530cd6da1ef20", size = 5538662, upload-time = "2026-05-20T04:27:15.045Z" },
    { url = "https://files.pythonhosted.org/packages/96/d7/1f9892a45bb2dc8a3b4b89eb08f5de1cf745fcd7df9e535463ba4d41cebe/prek-0.4.1-py3-none-musllinux_1_1_armv7l.whl", hash = "sha256:60928d1dad45ff3e491d3083a50643cc213aa2d54f1dbd8d702d7193773c020e", size = 5406581, upload-time = "2026-05-20T04:27:21.101Z" },
    { url = "https://files.pythonhosted.org/packages/9f/b8/94ddac155b502859e4dc7943db99fa7fffecfa3878a2ef11726a8e72fad0/prek-0.4.1-py3-none-musllinux_1_1_i686.whl", hash = "sha256:17ffa9d8dd40791b9b99cafe558c5cc28e78e5be57607b280b15f0dab90264e9", size = 5688880, upload-time = "2026-05-20T04:27:25.27Z" },
    { url = "https://files.pythonhosted.org/packages/d0/fd/e93d3853d1bdc06b281fff2aaf4106e19610fe5187c67c9ff13195f2df59/prek-0.4.1-py3-none-musllinux_1_1_x86_64.whl", hash = "sha256:cdf4503a240369f66321213d9c4bc6f925014b64ff7121de9e9920c9b9838ce2", size = 6203536, upload-time = "2026-05-20T04:27:42.366Z" },
    { url = "https://files.pythonhosted.org/packages/14/c7/760969d6bfc77e3eba04f6c3801c81076e96a908a6c277c142a4b0f31f4e/prek-0.4.1-py3-none-win32.whl", hash = "sha256:7c515492ef3585e6bcd7b83f1bb1cb131038abc88ed2c843de1e4c3ceb865b19", size = 5208995, upload-time = "2026-05-20T04:27:38.331Z" },
    { url = "https://files.pythonhosted.org/packages/89/12/d43daf290a73dbc3e1a3eabb9077e45df661923949bee045de67cbe82524/prek-0.4.1-py3-none-win_amd64.whl", hash = "sha256:8fa707971465d8ad021c907e43691aad7bb98942943e61e294ece5f95d9fbc78", size = 5591734, upload-time = "2026-05-20T04:27:12.744Z" },
    { url = "https://files.pythonhosted.org/packages/ab/36/2ab7647fe1e84bba2baae7f04de241197eed62683fb3085e164de266d111/prek-0.4.1-py3-none-win_arm64.whl", hash = "sha256:5b4a348537924b20e208cbd87ef58e96ec37d691c5bec2969209c40de0ecf72e", size = 5423147, upload-time = "2026-05-20T04:27:17.023Z" },
]

[[package]]
name = "pysentry-rs"
version = "0.4.5"
source = { registry = "https://pypi.org/simple" }
sdist = { url = "https://files.pythonhosted.org/packages/79/3c/2e8c5c6bbf90d0b8ece3fe56e2fdab7e62ddce90a1ea0cd2db83cb732f72/pysentry_rs-0.4.5.tar.gz", hash = "sha256:887b841718700ecffc436b76f12126211c75a1dcf9a6f2e16186097fc807417d", size = 909198, upload-time = "2026-04-14T21:05:03.037Z" }
wheels = [
    { url = "https://files.pythonhosted.org/packages/68/37/f68a76fe78963e32ce33e88fd0dd312c82468cd51b85175612e07c7d78ad/pysentry_rs-0.4.5-cp314-cp314-macosx_10_12_x86_64.whl", hash = "sha256:30798c48774a3208fb182db3805736624291a946a88514e2dd0b157dc2492b6e", size = 4761950, upload-time = "2026-04-14T21:04:38.902Z" },
    { url = "https://files.pythonhosted.org/packages/c1/f4/8489a5a42e81d668909ba57520869c5a1f71f3b68a37b174d28ae397276a/pysentry_rs-0.4.5-cp314-cp314-macosx_11_0_arm64.whl", hash = "sha256:7ab72b50d318d57bf853739d37ee4613ddb4da728bcf3241e2cab2c710abe264", size = 4540980, upload-time = "2026-04-14T21:04:40.542Z" },
    { url = "https://files.pythonhosted.org/packages/58/f9/89aa8a5d12279b2ca19cbf2fc162d4f4caf95f6e81731cc3b32f1a1649d4/pysentry_rs-0.4.5-cp314-cp314-manylinux_2_17_x86_64.manylinux2014_x86_64.whl", hash = "sha256:f77454125ebcc70e0733a195e966b415686e7a5ce25caceacd12b6557d75da22", size = 5072617, upload-time = "2026-04-14T21:04:42.097Z" },
    { url = "https://files.pythonhosted.org/packages/5d/39/7c3012e690babbe519d260ec30ee26a911a5e813cae71e944cf29e7c38e2/pysentry_rs-0.4.5-cp314-cp314-manylinux_2_28_aarch64.whl", hash = "sha256:edd5f5a1a5d8eebe38a41b90323b54d63e2d89218421f37e75a4eecb53a038ea", size = 4981418, upload-time = "2026-04-14T21:04:43.732Z" },
    { url = "https://files.pythonhosted.org/packages/fa/87/a7e833f5dd19433d3aa187e32ace131f17519ac0762ccdc6f66b3f8c6980/pysentry_rs-0.4.5-cp314-cp314-win_amd64.whl", hash = "sha256:e7bb4ab5416515e4b93146e687fdfd5f574a4c835001c5f45c9998cdcf20e97e", size = 4336944, upload-time = "2026-04-14T21:04:45.757Z" },
    { url = "https://files.pythonhosted.org/packages/79/df/bb0f1996827d37c9102dab793b4a828a1bc87c369b377afdcaef9f7d8e06/pysentry_rs-0.4.5-cp314-cp314t-macosx_10_12_x86_64.whl", hash = "sha256:37b3489870e6d872b917a6376f50e5ae30c72f9db9451082da3b9e077669341b", size = 4759975, upload-time = "2026-04-14T21:04:47.366Z" },
    { url = "https://files.pythonhosted.org/packages/25/2e/bba4aa7df0b03d0e625113b738655dc516ee71d157da0fb33e6847936303/pysentry_rs-0.4.5-cp314-cp314t-macosx_11_0_arm64.whl", hash = "sha256:228fd676dac65150f1ee4dcd5d6c002a87531ff9e1af60ed3e869dac02ac207c", size = 4543377, upload-time = "2026-04-14T21:04:48.96Z" },
    { url = "https://files.pythonhosted.org/packages/11/bb/5c7b5c2e70a75ef4aa892ccf8c0ea97fcf29594404960ff8a9298d0526b4/pysentry_rs-0.4.5-cp314-cp314t-manylinux_2_17_x86_64.manylinux2014_x86_64.whl", hash = "sha256:b489426269f4babf9b0f0f09898a3e0d61b2fdb9697464594a1752928eec422a", size = 5075651, upload-time = "2026-04-14T21:04:50.536Z" },
    { url = "https://files.pythonhosted.org/packages/c4/37/cec386bbf35e4148786479045775134f4a010b0cc59d1ebb02d6ff2f70af/pysentry_rs-0.4.5-cp314-cp314t-manylinux_2_28_aarch64.whl", hash = "sha256:eed499588090b681e53692883b30d0ca8e11150c890bb32da99e3739311a94d8", size = 4980653, upload-time = "2026-04-14T21:04:52.215Z" },
    { url = "https://files.pythonhosted.org/packages/c2/4d/931aab6741864ef715413e1888299c162f78d1ed364b2079ac07df32d4c4/pysentry_rs-0.4.5-cp314-cp314t-win_amd64.whl", hash = "sha256:fc86fe4cfcb89952a2451bcbfe74ab88920a5988cbc674d1ac551e30a897f601", size = 4326113, upload-time = "2026-04-14T21:04:53.853Z" },
]

[[package]]
name = "python-telegram-bot"
version = "22.7"
source = { registry = "https://pypi.org/simple" }
dependencies = [
    { name = "httpcore" },
    { name = "httpx" },
]
sdist = { url = "https://files.pythonhosted.org/packages/e4/25/2258161b1069e66d6c39c0a602dbe57461d4767dc0012539970ea40bc9d6/python_telegram_bot-22.7.tar.gz", hash = "sha256:784b59ea3852fe4616ad63b4a0264c755637f5d725e87755ecdee28300febf61", size = 1516454, upload-time = "2026-03-16T09:36:03.174Z" }
wheels = [
    { url = "https://files.pythonhosted.org/packages/94/f7/0e2f89dd62f45d46d4ea0d8aec5893ce5b37389638db010c117f46f11450/python_telegram_bot-22.7-py3-none-any.whl", hash = "sha256:d72eed532cf763758cd9331b57a6d790aff0bb4d37d8f4e92149436fe21c6475", size = 745365, upload-time = "2026-03-16T09:36:01.498Z" },
]

[[package]]
name = "requests"
version = "2.34.2"
source = { registry = "https://pypi.org/simple" }
dependencies = [
    { name = "certifi" },
    { name = "charset-normalizer" },
    { name = "idna" },
    { name = "urllib3" },
]
sdist = { url = "https://files.pythonhosted.org/packages/ac/c3/e2a2b89f2d3e2179abd6d00ebd70bff6273f37fb3e0cc209f48b39d00cbf/requests-2.34.2.tar.gz", hash = "sha256:f288924cae4e29463698d6d60bc6a4da69c89185ad1e0bcc4104f584e960b9ed", size = 142856, upload-time = "2026-05-14T19:25:27.735Z" }
wheels = [
    { url = "https://files.pythonhosted.org/packages/a0/f4/c67b0b3f1b9245e8d266f0f112c500d50e5b4e83cb6f3b71b6528104182a/requests-2.34.2-py3-none-any.whl", hash = "sha256:2a0d60c172f83ac6ab31e4554906c0f3b3588d37b5cb939b1c061f4907e278e0", size = 73075, upload-time = "2026-05-14T19:25:26.443Z" },
]

[[package]]
name = "requirements-parser"
version = "0.13.0"
source = { registry = "https://pypi.org/simple" }
dependencies = [
    { name = "packaging" },
]
sdist = { url = "https://files.pythonhosted.org/packages/95/96/fb6dbfebb524d5601d359a47c78fe7ba1eef90fc4096404aa60c9a906fbb/requirements_parser-0.13.0.tar.gz", hash = "sha256:0843119ca2cb2331de4eb31b10d70462e39ace698fd660a915c247d2301a4418", size = 22630, upload-time = "2025-05-21T13:42:05.464Z" }
wheels = [
    { url = "https://files.pythonhosted.org/packages/bd/60/50fbb6ffb35f733654466f1a90d162bcbea358adc3b0871339254fbc37b2/requirements_parser-0.13.0-py3-none-any.whl", hash = "sha256:2b3173faecf19ec5501971b7222d38f04cb45bb9d87d0ad629ca71e2e62ded14", size = 14782, upload-time = "2025-05-21T13:42:04.007Z" },
]

[[package]]
name = "ruff"
version = "0.15.13"
source = { registry = "https://pypi.org/simple" }
sdist = { url = "https://files.pythonhosted.org/packages/24/21/a7d5c126d5b557715ef81098f3db2fe20f622a039ff2e626af28d674ab80/ruff-0.15.13.tar.gz", hash = "sha256:f9d89f17f7ba7fb2ed42921f0df75da797a9a5d71bc39049e2c687cf2baf44b7", size = 4678180, upload-time = "2026-05-14T13:44:37.869Z" }
wheels = [
    { url = "https://files.pythonhosted.org/packages/c6/61/11d458dc6ac22504fd8e237b29dfd40504c7fbbcc8930402cfe51a8e63ed/ruff-0.15.13-py3-none-linux_armv6l.whl", hash = "sha256:444b580fc72fd6887e650acd3e575e18cdc79dbcf42fb4030b491057921f61f8", size = 10738279, upload-time = "2026-05-14T13:44:18.7Z" },
    { url = "https://files.pythonhosted.org/packages/86/ca/caa871ee7be718c45256fada4e16a218ee3e33f0c4a46b729a60a24912e6/ruff-0.15.13-py3-none-macosx_10_12_x86_64.whl", hash = "sha256:6590d009e7cb7ebf36f83dbdd44a3fa48a0994ff6f1cdc1b08006abe58f98dc7", size = 11124798, upload-time = "2026-05-14T13:44:06.427Z" },
    { url = "https://files.pythonhosted.org/packages/d3/19/43f5f2e568dddde567fc41f8471f9432c09563e19d3e617a48cfa52f8f0a/ruff-0.15.13-py3-none-macosx_11_0_arm64.whl", hash = "sha256:1c26d2f66163deeb6e08d8b39fbbe983ce3c71cea06a6d7591cfd1421793c629", size = 10460761, upload-time = "2026-05-14T13:44:04.375Z" },
    { url = "https://files.pythonhosted.org/packages/99/df/cf938cd6de3003178f03ad7c1ea2a6c099468c03a35037985070b37e76be/ruff-0.15.13-py3-none-manylinux_2_17_aarch64.manylinux2014_aarch64.whl", hash = "sha256:9dbd6f94b434f896308e4d57fb7bfde0d02b99f7a64b3bdab0fdfa6a864203a5", size = 10804451, upload-time = "2026-05-14T13:44:25.221Z" },
    { url = "https://files.pythonhosted.org/packages/c7/7d/5d0973129b154ded2225729169d7068f26b467760b146493fde138415f23/ruff-0.15.13-py3-none-manylinux_2_17_armv7l.manylinux2014_armv7l.whl", hash = "sha256:bf3259f3be4d181bda591da5db2571aed6853c6a048157756448020bc6c5cd22", size = 10534285, upload-time = "2026-05-14T13:44:08.888Z" },
    { url = "https://files.pythonhosted.org/packages/1f/e3/6b999bbc66cd51e5f073842bc2a3995e99c5e0e72e16b15e7261f7abf57a/ruff-0.15.13-py3-none-manylinux_2_17_i686.manylinux2014_i686.whl", hash = "sha256:ae9c17e5eb4430c154e76abc25d79a318190f5a997f38fb6b114416c5319ffc9", size = 11312063, upload-time = "2026-05-14T13:44:11.274Z" },
    { url = "https://files.pythonhosted.org/packages/af/5a/642639e9f5db04f1e97fbd6e091c6fd20725bdf072fb114d00eefb9e6eb8/ruff-0.15.13-py3-none-manylinux_2_17_ppc64le.manylinux2014_ppc64le.whl", hash = "sha256:2e2e39bff6c341f4b577a21b801326fab0b11847f48fcaa83f00a113c9b3cb55", size = 12183079, upload-time = "2026-05-14T13:44:01.634Z" },
    { url = "https://files.pythonhosted.org/packages/19/4c/7585735f6b53b0f12de13618b2f7d250a844f018822efc899df2e7b8295f/ruff-0.15.13-py3-none-manylinux_2_17_s390x.manylinux2014_s390x.whl", hash = "sha256:e8d9a8e08013542e94d3220bc5b62cc3e5ef87c5f74bff367d3fac14fab013e6", size = 11440833, upload-time = "2026-05-14T13:43:59.043Z" },
    { url = "https://files.pythonhosted.org/packages/e8/31/bf1a0803d077e679cfeee5f2f67290a0fa79c7385b5d9a8c17b9db2c48f0/ruff-0.15.13-py3-none-manylinux_2_17_x86_64.manylinux2014_x86_64.whl", hash = "sha256:cc411dfebe5eebe55ce041c6ae080eb7668955e866daa2fbb16692a784f1c4ca", size = 11434486, upload-time = "2026-05-14T13:44:27.761Z" },
    { url = "https://files.pythonhosted.org/packages/e1/4e/62c9b999875d4f14db80f277c030578f5e249c9852d65b7ac7ad0b43c041/ruff-0.15.13-py3-none-manylinux_2_31_riscv64.whl", hash = "sha256:768494eb08b9cee54e2fd27969966f74db5a57f6eaa7a90fcb3306af34dfc4bd", size = 11385189, upload-time = "2026-05-14T13:44:13.704Z" },
    { url = "https://files.pythonhosted.org/packages/fc/89/7e959047a104df3eb12863447c110140191fc5b6c4f379ea2e803fcdb0e4/ruff-0.15.13-py3-none-musllinux_1_2_aarch64.whl", hash = "sha256:fb75f9a3a7e42ffe117d734494e6c5e5cb3565d66e12612cb63d0e572a41a5b6", size = 10781380, upload-time = "2026-05-14T13:43:56.734Z" },
    { url = "https://files.pythonhosted.org/packages/ff/52/5fd18f3b88cab63e88aa11516b3b4e1e5f720e5c330f8dbe5c26210f41f8/ruff-0.15.13-py3-none-musllinux_1_2_armv7l.whl", hash = "sha256:8cb74dd33bb2f6613faf7fc03b660053b5ac4f80e706d5788c6335e2a8048d51", size = 10540605, upload-time = "2026-05-14T13:44:20.748Z" },
    { url = "https://files.pythonhosted.org/packages/e8/e0/9e35f338990d3e41a82875ff7053ffe97541dae81c9d02143177f381d572/ruff-0.15.13-py3-none-musllinux_1_2_i686.whl", hash = "sha256:7ef823f817fcd191dc934e984be9cf4094f808effa16f2542ad8e821ba02bbf2", size = 11036554, upload-time = "2026-05-14T13:44:16.256Z" },
    { url = "https://files.pythonhosted.org/packages/c2/13/070fb048c24080fba188f66371e2a92785be257ad02242066dc7255ac6e9/ruff-0.15.13-py3-none-musllinux_1_2_x86_64.whl", hash = "sha256:f345a13937bd7f09f6f5d19fa0721b0c103e00e7f62bc67089a8e5e037719e0b", size = 11528133, upload-time = "2026-05-14T13:44:22.808Z" },
    { url = "https://files.pythonhosted.org/packages/6b/8c/b1e1666aef7fc6555094d73ae6cd981701781ae85b97ceefc0eebd0b4668/ruff-0.15.13-py3-none-win32.whl", hash = "sha256:4044f94208b3b05ba0fc4a4abd0558cf4d6459bd18325eead7fd8cc66f909b41", size = 10721455, upload-time = "2026-05-14T13:44:35.697Z" },
    { url = "https://files.pythonhosted.org/packages/ab/a6/870a3e8a50590bb92be184ad928c2922f088b00d9dc5c5ec7b924ee08c22/ruff-0.15.13-py3-none-win_amd64.whl", hash = "sha256:7064884d442b7d477b4e7473d12da7f08851d2b1982763c5d3f388a19468a1a4", size = 11900409, upload-time = "2026-05-14T13:44:30.389Z" },
    { url = "https://files.pythonhosted.org/packages/9b/36/9c015cd052fca743dae8cb2aeb16b551444787467db42ceab0fc968865af/ruff-0.15.13-py3-none-win_arm64.whl", hash = "sha256:2471da9bd1068c8c064b5fd9c0c4b6dddffd6369cb1cd68b29993b1709ff1b21", size = 11179336, upload-time = "2026-05-14T13:44:33.026Z" },
]

[[package]]
name = "sniffio"
version = "1.3.1"
source = { registry = "https://pypi.org/simple" }
sdist = { url = "https://files.pythonhosted.org/packages/a2/87/a6771e1546d97e7e041b6ae58d80074f81b7d5121207425c964ddf5cfdbd/sniffio-1.3.1.tar.gz", hash = "sha256:f4324edc670a0f49750a81b895f35c3adb843cca46f0530f79fc1babb23789dc", size = 20372, upload-time = "2024-02-25T23:20:04.057Z" }
wheels = [
    { url = "https://files.pythonhosted.org/packages/e9/44/75a9c9421471a6c4805dbf2356f7c181a29c1879239abab1ea2cc8f38b40/sniffio-1.3.1-py3-none-any.whl", hash = "sha256:2f6da418d1f1e0fddd844478f41680e794e6051915791a034ff65e5f100525a2", size = 10235, upload-time = "2024-02-25T23:20:01.196Z" },
]

[[package]]
name = "tomli"
version = "2.4.1"
source = { registry = "https://pypi.org/simple" }
sdist = { url = "https://files.pythonhosted.org/packages/22/de/48c59722572767841493b26183a0d1cc411d54fd759c5607c4590b6563a6/tomli-2.4.1.tar.gz", hash = "sha256:7c7e1a961a0b2f2472c1ac5b69affa0ae1132c39adcb67aba98568702b9cc23f", size = 17543, upload-time = "2026-03-25T20:22:03.828Z" }
wheels = [
    { url = "https://files.pythonhosted.org/packages/3c/fb/9a5c8d27dbab540869f7c1f8eb0abb3244189ce780ba9cd73f3770662072/tomli-2.4.1-cp314-cp314-macosx_10_15_x86_64.whl", hash = "sha256:fd0409a3653af6c147209d267a0e4243f0ae46b011aa978b1080359fddc9b6cf", size = 155726, upload-time = "2026-03-25T20:21:42.23Z" },
    { url = "https://files.pythonhosted.org/packages/62/05/d2f816630cc771ad836af54f5001f47a6f611d2d39535364f148b6a92d6b/tomli-2.4.1-cp314-cp314-macosx_11_0_arm64.whl", hash = "sha256:a120733b01c45e9a0c34aeef92bf0cf1d56cfe81ed9d47d562f9ed591a9828ac", size = 149859, upload-time = "2026-03-25T20:21:43.386Z" },
    { url = "https://files.pythonhosted.org/packages/ce/48/66341bdb858ad9bd0ceab5a86f90eddab127cf8b046418009f2125630ecb/tomli-2.4.1-cp314-cp314-manylinux2014_aarch64.manylinux_2_17_aarch64.manylinux_2_28_aarch64.whl", hash = "sha256:559db847dc486944896521f68d8190be1c9e719fced785720d2216fe7022b662", size = 244713, upload-time = "2026-03-25T20:21:44.474Z" },
    { url = "https://files.pythonhosted.org/packages/df/6d/c5fad00d82b3c7a3ab6189bd4b10e60466f22cfe8a08a9394185c8a8111c/tomli-2.4.1-cp314-cp314-manylinux2014_x86_64.manylinux_2_17_x86_64.manylinux_2_28_x86_64.whl", hash = "sha256:01f520d4f53ef97964a240a035ec2a869fe1a37dde002b57ebc4417a27ccd853", size = 252084, upload-time = "2026-03-25T20:21:45.62Z" },
    { url = "https://files.pythonhosted.org/packages/00/71/3a69e86f3eafe8c7a59d008d245888051005bd657760e96d5fbfb0b740c2/tomli-2.4.1-cp314-cp314-musllinux_1_2_aarch64.whl", hash = "sha256:7f94b27a62cfad8496c8d2513e1a222dd446f095fca8987fceef261225538a15", size = 247973, upload-time = "2026-03-25T20:21:46.937Z" },
    { url = "https://files.pythonhosted.org/packages/67/50/361e986652847fec4bd5e4a0208752fbe64689c603c7ae5ea7cb16b1c0ca/tomli-2.4.1-cp314-cp314-musllinux_1_2_x86_64.whl", hash = "sha256:ede3e6487c5ef5d28634ba3f31f989030ad6af71edfb0055cbbd14189ff240ba", size = 256223, upload-time = "2026-03-25T20:21:48.467Z" },
    { url = "https://files.pythonhosted.org/packages/8c/9a/b4173689a9203472e5467217e0154b00e260621caa227b6fa01feab16998/tomli-2.4.1-cp314-cp314-win32.whl", hash = "sha256:3d48a93ee1c9b79c04bb38772ee1b64dcf18ff43085896ea460ca8dec96f35f6", size = 98973, upload-time = "2026-03-25T20:21:49.526Z" },
    { url = "https://files.pythonhosted.org/packages/14/58/640ac93bf230cd27d002462c9af0d837779f8773bc03dee06b5835208214/tomli-2.4.1-cp314-cp314-win_amd64.whl", hash = "sha256:88dceee75c2c63af144e456745e10101eb67361050196b0b6af5d717254dddf7", size = 109082, upload-time = "2026-03-25T20:21:50.506Z" },
    { url = "https://files.pythonhosted.org/packages/d5/2f/702d5e05b227401c1068f0d386d79a589bb12bf64c3d2c72ce0631e3bc49/tomli-2.4.1-cp314-cp314-win_arm64.whl", hash = "sha256:b8c198f8c1805dc42708689ed6864951fd2494f924149d3e4bce7710f8eb5232", size = 96490, upload-time = "2026-03-25T20:21:51.474Z" },
    { url = "https://files.pythonhosted.org/packages/45/4b/b877b05c8ba62927d9865dd980e34a755de541eb65fffba52b4cc495d4d2/tomli-2.4.1-cp314-cp314t-macosx_10_15_x86_64.whl", hash = "sha256:d4d8fe59808a54658fcc0160ecfb1b30f9089906c50b23bcb4c69eddc19ec2b4", size = 164263, upload-time = "2026-03-25T20:21:52.543Z" },
    { url = "https://files.pythonhosted.org/packages/24/79/6ab420d37a270b89f7195dec5448f79400d9e9c1826df982f3f8e97b24fd/tomli-2.4.1-cp314-cp314t-macosx_11_0_arm64.whl", hash = "sha256:7008df2e7655c495dd12d2a4ad038ff878d4ca4b81fccaf82b714e07eae4402c", size = 160736, upload-time = "2026-03-25T20:21:53.674Z" },
    { url = "https://files.pythonhosted.org/packages/02/e0/3630057d8eb170310785723ed5adcdfb7d50cb7e6455f85ba8a3deed642b/tomli-2.4.1-cp314-cp314t-manylinux2014_aarch64.manylinux_2_17_aarch64.manylinux_2_28_aarch64.whl", hash = "sha256:1d8591993e228b0c930c4bb0db464bdad97b3289fb981255d6c9a41aedc84b2d", size = 270717, upload-time = "2026-03-25T20:21:55.129Z" },
    { url = "https://files.pythonhosted.org/packages/7a/b4/1613716072e544d1a7891f548d8f9ec6ce2faf42ca65acae01d76ea06bb0/tomli-2.4.1-cp314-cp314t-manylinux2014_x86_64.manylinux_2_17_x86_64.manylinux_2_28_x86_64.whl", hash = "sha256:734e20b57ba95624ecf1841e72b53f6e186355e216e5412de414e3c51e5e3c41", size = 278461, upload-time = "2026-03-25T20:21:56.228Z" },
    { url = "https://files.pythonhosted.org/packages/05/38/30f541baf6a3f6df77b3df16b01ba319221389e2da59427e221ef417ac0c/tomli-2.4.1-cp314-cp314t-musllinux_1_2_aarch64.whl", hash = "sha256:8a650c2dbafa08d42e51ba0b62740dae4ecb9338eefa093aa5c78ceb546fcd5c", size = 274855, upload-time = "2026-03-25T20:21:57.653Z" },
    { url = "https://files.pythonhosted.org/packages/77/a3/ec9dd4fd2c38e98de34223b995a3b34813e6bdadf86c75314c928350ed14/tomli-2.4.1-cp314-cp314t-musllinux_1_2_x86_64.whl", hash = "sha256:504aa796fe0569bb43171066009ead363de03675276d2d121ac1a4572397870f", size = 283144, upload-time = "2026-03-25T20:21:59.089Z" },
    { url = "https://files.pythonhosted.org/packages/ef/be/605a6261cac79fba2ec0c9827e986e00323a1945700969b8ee0b30d85453/tomli-2.4.1-cp314-cp314t-win32.whl", hash = "sha256:b1d22e6e9387bf4739fbe23bfa80e93f6b0373a7f1b96c6227c32bef95a4d7a8", size = 108683, upload-time = "2026-03-25T20:22:00.214Z" },
    { url = "https://files.pythonhosted.org/packages/12/64/da524626d3b9cc40c168a13da8335fe1c51be12c0a63685cc6db7308daae/tomli-2.4.1-cp314-cp314t-win_amd64.whl", hash = "sha256:2c1c351919aca02858f740c6d33adea0c5deea37f9ecca1cc1ef9e884a619d26", size = 121196, upload-time = "2026-03-25T20:22:01.169Z" },
    { url = "https://files.pythonhosted.org/packages/5a/cd/e80b62269fc78fc36c9af5a6b89c835baa8af28ff5ad28c7028d60860320/tomli-2.4.1-cp314-cp314t-win_arm64.whl", hash = "sha256:eab21f45c7f66c13f2a9e0e1535309cee140182a9cdae1e041d02e47291e8396", size = 100393, upload-time = "2026-03-25T20:22:02.137Z" },
    { url = "https://files.pythonhosted.org/packages/7b/61/cceae43728b7de99d9b847560c262873a1f6c98202171fd5ed62640b494b/tomli-2.4.1-py3-none-any.whl", hash = "sha256:0d85819802132122da43cb86656f8d1f8c6587d54ae7dcaf30e90533028b49fe", size = 14583, upload-time = "2026-03-25T20:22:03.012Z" },
]

[[package]]
name = "ty"
version = "0.0.38"
source = { registry = "https://pypi.org/simple" }
sdist = { url = "https://files.pythonhosted.org/packages/33/3b/45be6b37d5060d6917bf7f1f234c00d360fc5f8b7486f8a96af640e25661/ty-0.0.38.tar.gz", hash = "sha256:fbc8d47f7630457669ab41e333dc093897fdb7ead1ffc94dcf8f30b5d39aa56d", size = 5681218, upload-time = "2026-05-20T00:15:32.781Z" }
wheels = [
    { url = "https://files.pythonhosted.org/packages/54/43/ea9b4e57d6a266670dbe34858e92f6093ca054ad1b48f1c82580a72340fb/ty-0.0.38-py3-none-linux_armv6l.whl", hash = "sha256:3501dcf44ca03f813f9cb4fabfdf601adc0ac1337c411405b470530679e37a45", size = 11289326, upload-time = "2026-05-20T00:14:52.371Z" },
    { url = "https://files.pythonhosted.org/packages/5d/ff/24e2f623a1c6b5f5ccf8bf82fccd937033c6a7dba57a4028c7f41270fa4a/ty-0.0.38-py3-none-macosx_10_12_x86_64.whl", hash = "sha256:b34b4094b76252c3e8c90762cdd5e8a9f1101534484745ff4b480f71eb38ac2e", size = 11063047, upload-time = "2026-05-20T00:14:42.832Z" },
    { url = "https://files.pythonhosted.org/packages/e9/41/4f0d910f0acbd20b358eda80a5cd6a8361d27ff5b8e87ab559d3f69f125e/ty-0.0.38-py3-none-macosx_11_0_arm64.whl", hash = "sha256:c518ad33a877677365baab2e21d82cf59ffee789203a15a143f5179ee5a1d3f8", size = 10494436, upload-time = "2026-05-20T00:15:24.425Z" },
    { url = "https://files.pythonhosted.org/packages/69/d8/da06833422082aa98b169a391f9197e2d73865e96c90b6979ac886b890a2/ty-0.0.38-py3-none-manylinux_2_17_aarch64.manylinux2014_aarch64.whl", hash = "sha256:9238494722303eccddc6a27eb647948b694eecd6b974910d13b9e6cd46bbeb6a", size = 11000992, upload-time = "2026-05-20T00:14:58.368Z" },
    { url = "https://files.pythonhosted.org/packages/16/f7/e1172197fb827e6410ca3eb0dc68ef2789f3c70683696f2a0ce5c90764fd/ty-0.0.38-py3-none-manylinux_2_17_armv7l.manylinux2014_armv7l.whl", hash = "sha256:31d91d7336c5d51bf822ac0df512f300584ca4dcca041fc6a6d7df03a8ddbb31", size = 11058583, upload-time = "2026-05-20T00:15:11.314Z" },
    { url = "https://files.pythonhosted.org/packages/5b/61/7fbaf0c05981e006a8804287819c574dff90a6bf8e96efad7226be0700aa/ty-0.0.38-py3-none-manylinux_2_17_i686.manylinux2014_i686.whl", hash = "sha256:65165879814993450710b9349791e4898c65e36b1e14eec554884c06a2f20ff1", size = 11531036, upload-time = "2026-05-20T00:15:14.62Z" },
    { url = "https://files.pythonhosted.org/packages/49/e3/47c0c64e401d50f925df3e52479d4e7626754b2a9e38201d142fdacd6252/ty-0.0.38-py3-none-manylinux_2_17_ppc64le.manylinux2014_ppc64le.whl", hash = "sha256:6d61868b8d1c4033bf8088191de953fed245c2f9e1bb9d2d53e5699170b0924c", size = 12129991, upload-time = "2026-05-20T00:14:39.475Z" },
    { url = "https://files.pythonhosted.org/packages/90/99/2f452d02901bcd7f1b109cf5b848727ce37f372c3406143aa52d1305d40e/ty-0.0.38-py3-none-manylinux_2_17_s390x.manylinux2014_s390x.whl", hash = "sha256:8f9a9175548c98dbff7707865738c07c2b1f8e07a09b8c68101baebb5dac59a4", size = 11756167, upload-time = "2026-05-20T00:15:27.526Z" },
    { url = "https://files.pythonhosted.org/packages/dd/0c/c7e14d111c813e1a20b82e944f1c997c4631a2bb710eaa64fb6b26835e13/ty-0.0.38-py3-none-manylinux_2_17_x86_64.manylinux2014_x86_64.whl", hash = "sha256:375d3a964c6b4aea2e9237fdb5eb9ed03dc43088986a94209a28a4ea3b62001c", size = 11637099, upload-time = "2026-05-20T00:15:21.261Z" },
    { url = "https://files.pythonhosted.org/packages/37/de/ab02659dd1ed62898db7db4d37f9937c80854dd45e95093fa0fe10328d82/ty-0.0.38-py3-none-manylinux_2_31_riscv64.whl", hash = "sha256:cdfd547782c45267aa0b52abad31bd406bf4768c264532ef9e2360cd3c6ce048", size = 11813583, upload-time = "2026-05-20T00:14:45.875Z" },
    { url = "https://files.pythonhosted.org/packages/7e/57/bd1b5ebf4e71a4295484afac0202df1740b0807762b86744b1bef4534984/ty-0.0.38-py3-none-musllinux_1_2_aarch64.whl", hash = "sha256:858bc675b75626470abe4e6c3b3934b853642b04f2ac4d7139fcefea3b48b213", size = 10975405, upload-time = "2026-05-20T00:15:30.354Z" },
    { url = "https://files.pythonhosted.org/packages/e7/55/0305c78711bbd23922cf291996a08ef9544f4179da98e9a75c14e608f379/ty-0.0.38-py3-none-musllinux_1_2_armv7l.whl", hash = "sha256:54be4f00432870da42cd74fe145a3362fd248e22d032c74bd807cb45bf068f94", size = 11097551, upload-time = "2026-05-20T00:14:55.179Z" },
    { url = "https://files.pythonhosted.org/packages/7c/4f/7effe7f9a6ac9719eb7234172c01739c5f888bb47f9acc2ea8da1f4afed3/ty-0.0.38-py3-none-musllinux_1_2_i686.whl", hash = "sha256:494af66a76a86dbf16a3003d3b63b03484aa4c7489dfe11f3ee5413b98b22d60", size = 11214391, upload-time = "2026-05-20T00:15:18.094Z" },
    { url = "https://files.pythonhosted.org/packages/75/cd/d9fdfec3a74a6ad0209fa5e7113ae29d4f457d0651cfbb813b4c6563e0d4/ty-0.0.38-py3-none-musllinux_1_2_x86_64.whl", hash = "sha256:3d92527c4be78a5ce6d32e8bb0aa2a6988d4076eddf1294e56fdaf06d1a98e7e", size = 11730871, upload-time = "2026-05-20T00:14:49.219Z" },
    { url = "https://files.pythonhosted.org/packages/0e/4a/beefade12d109b4f7793d61b04b4478b1ad4d1465a719e7ff55b2d42461a/ty-0.0.38-py3-none-win32.whl", hash = "sha256:36fc5dd5dc09207ff3004b1560a79a3fb8d12456daeec914a7b802a918da654c", size = 10548583, upload-time = "2026-05-20T00:15:07.892Z" },
    { url = "https://files.pythonhosted.org/packages/15/64/941b205e2e46cc2297c245c64aa7691410b7454fa4d07a6cb3cf59487833/ty-0.0.38-py3-none-win_amd64.whl", hash = "sha256:eef0a8956ba14514076b1a963d13eb32986d9ebad7f0527b3cc01cb68bf35147", size = 11650542, upload-time = "2026-05-20T00:15:01.441Z" },
    { url = "https://files.pythonhosted.org/packages/59/02/c1c4f9ec4b94d95190636fa13f79c32f65165fbe3a0503882d4df164d2ac/ty-0.0.38-py3-none-win_arm64.whl", hash = "sha256:79abfc8658a026c30b1c955613437dab3ef4b12feca56a3e6df50903cc39e07f", size = 11010307, upload-time = "2026-05-20T00:15:04.567Z" },
]

[[package]]
name = "urllib3"
version = "2.7.0"
source = { registry = "https://pypi.org/simple" }
sdist = { url = "https://files.pythonhosted.org/packages/53/0c/06f8b233b8fd13b9e5ee11424ef85419ba0d8ba0b3138bf360be2ff56953/urllib3-2.7.0.tar.gz", hash = "sha256:231e0ec3b63ceb14667c67be60f2f2c40a518cb38b03af60abc813da26505f4c", size = 433602, upload-time = "2026-05-07T16:13:18.596Z" }
wheels = [
    { url = "https://files.pythonhosted.org/packages/7f/3e/5db95bcf282c52709639744ca2a8b149baccf648e39c8cc87553df9eae0c/urllib3-2.7.0-py3-none-any.whl", hash = "sha256:9fb4c81ebbb1ce9531cce37674bbc6f1360472bc18ca9a553ede278ef7276897", size = 131087, upload-time = "2026-05-07T16:13:17.151Z" },
]
